// !$*UTF8*$!
{
	archiveVersion = 1;
	classes = {
	};
	objectVersion = 46;
	objects = {

/* Begin PBXBuildFile section */
		0D352D181ECD343200447E1B /* InfoPlist.strings in Resources */ = {isa = PBXBuildFile; fileRef = 0D352D141ECD343200447E1B /* InfoPlist.strings */; };
		0D352D191ECD343200447E1B /* KLFMAppDelegate.m in Sources */ = {isa = PBXBuildFile; fileRef = 0D352D161ECD343200447E1B /* KLFMAppDelegate.m */; };
		0D352D1F1ECD347500447E1B /* KLFMSelectionVC.m in Sources */ = {isa = PBXBuildFile; fileRef = 0D352D1C1ECD347500447E1B /* KLFMSelectionVC.m */; };
		0D352D221ECD378500447E1B /* KLFMSelectionReq.m in Sources */ = {isa = PBXBuildFile; fileRef = 0D352D211ECD378500447E1B /* KLFMSelectionReq.m */; };
		0D352D351ECD3E5400447E1B /* NSString+Extension.m in Sources */ = {isa = PBXBuildFile; fileRef = 0D352D261ECD3E5400447E1B /* NSString+Extension.m */; };
		0D352D361ECD3E5400447E1B /* UIView+Addition.m in Sources */ = {isa = PBXBuildFile; fileRef = 0D352D281ECD3E5400447E1B /* UIView+Addition.m */; };
		0D352D371ECD3E5400447E1B /* CycleBannerCell.m in Sources */ = {isa = PBXBuildFile; fileRef = 0D352D2B1ECD3E5400447E1B /* CycleBannerCell.m */; };
		0D352D381ECD3E5400447E1B /* CycleBannerView.m in Sources */ = {isa = PBXBuildFile; fileRef = 0D352D2D1ECD3E5400447E1B /* CycleBannerView.m */; };
		0D352D391ECD3E5400447E1B /* Factory.m in Sources */ = {isa = PBXBuildFile; fileRef = 0D352D301ECD3E5400447E1B /* Factory.m */; };
		0D352D3A1ECD3E5400447E1B /* HelperTools.m in Sources */ = {isa = PBXBuildFile; fileRef = 0D352D321ECD3E5400447E1B /* HelperTools.m */; };
		0D352D3B1ECD3E5400447E1B /* SingletonManager.m in Sources */ = {isa = PBXBuildFile; fileRef = 0D352D341ECD3E5400447E1B /* SingletonManager.m */; };
		0D352D511ECD493D00447E1B /* SelectionBaseClass.m in Sources */ = {isa = PBXBuildFile; fileRef = 0D352D4B1ECD493D00447E1B /* SelectionBaseClass.m */; };
		0D352D521ECD493D00447E1B /* SelectionDataList.m in Sources */ = {isa = PBXBuildFile; fileRef = 0D352D4D1ECD493D00447E1B /* SelectionDataList.m */; };
		0D352D531ECD493D00447E1B /* SelectionResult.m in Sources */ = {isa = PBXBuildFile; fileRef = 0D352D501ECD493D00447E1B /* SelectionResult.m */; };
		0D352D561ECD4C6600447E1B /* SelectionModel.m in Sources */ = {isa = PBXBuildFile; fileRef = 0D352D551ECD4C6600447E1B /* SelectionModel.m */; };
		0D352D761ECD799100447E1B /* KLFMNavigateVC.m in Sources */ = {isa = PBXBuildFile; fileRef = 0D352D701ECD799100447E1B /* KLFMNavigateVC.m */; };
		0D352D771ECD799100447E1B /* KLFMNavigateView.m in Sources */ = {isa = PBXBuildFile; fileRef = 0D352D751ECD799100447E1B /* KLFMNavigateView.m */; };
		0D352D7A1ECD79BD00447E1B /* KLFMTabbarReq.m in Sources */ = {isa = PBXBuildFile; fileRef = 0D352D791ECD79BD00447E1B /* KLFMTabbarReq.m */; };
		0D352D821ECD7BA400447E1B /* TabbarBaseClass.m in Sources */ = {isa = PBXBuildFile; fileRef = 0D352D7C1ECD7BA400447E1B /* TabbarBaseClass.m */; };
		0D352D831ECD7BA400447E1B /* TabbarDataList.m in Sources */ = {isa = PBXBuildFile; fileRef = 0D352D7E1ECD7BA400447E1B /* TabbarDataList.m */; };
		0D352D841ECD7BA400447E1B /* TabbarResult.m in Sources */ = {isa = PBXBuildFile; fileRef = 0D352D811ECD7BA400447E1B /* TabbarResult.m */; };
		0D401B881EF0BF860076CE5D /* ColorHelper.m in Sources */ = {isa = PBXBuildFile; fileRef = 0D401B871EF0BF860076CE5D /* ColorHelper.m */; };
		0D401BA21EF1091D0076CE5D /* KLFMSubscribeVC.m in Sources */ = {isa = PBXBuildFile; fileRef = 0D401BA11EF1091D0076CE5D /* KLFMSubscribeVC.m */; };
		0D401BA81EF109780076CE5D /* KLFMDiscoverVC.m in Sources */ = {isa = PBXBuildFile; fileRef = 0D401BA71EF109780076CE5D /* KLFMDiscoverVC.m */; };
		0D401BAB1EF1099D0076CE5D /* KLFMAnchorVC.m in Sources */ = {isa = PBXBuildFile; fileRef = 0D401BAA1EF1099D0076CE5D /* KLFMAnchorVC.m */; };
		0D401BB31EF10EEA0076CE5D /* KLFMCategoryVC.m in Sources */ = {isa = PBXBuildFile; fileRef = 0D401BAF1EF10EEA0076CE5D /* KLFMCategoryVC.m */; };
		0D401BB61EF10F9A0076CE5D /* KLFMCategoryReq.m in Sources */ = {isa = PBXBuildFile; fileRef = 0D401BB51EF10F9A0076CE5D /* KLFMCategoryReq.m */; };
		0D401BBF1EF112FF0076CE5D /* CategoryBaseClass.m in Sources */ = {isa = PBXBuildFile; fileRef = 0D401BB91EF112FF0076CE5D /* CategoryBaseClass.m */; };
		0D401BC01EF112FF0076CE5D /* CategoryDataList.m in Sources */ = {isa = PBXBuildFile; fileRef = 0D401BBB1EF112FF0076CE5D /* CategoryDataList.m */; };
		0D401BC11EF112FF0076CE5D /* CategoryResult.m in Sources */ = {isa = PBXBuildFile; fileRef = 0D401BBE1EF112FF0076CE5D /* CategoryResult.m */; };
		0D401BC41EF113CD0076CE5D /* CategoryModel.m in Sources */ = {isa = PBXBuildFile; fileRef = 0D401BC31EF113CD0076CE5D /* CategoryModel.m */; };
		0D401BC71EF121050076CE5D /* CategoryCell.m in Sources */ = {isa = PBXBuildFile; fileRef = 0D401BC61EF121050076CE5D /* CategoryCell.m */; };
		0D401BCA1EF1244E0076CE5D /* CategoryCellFrame.m in Sources */ = {isa = PBXBuildFile; fileRef = 0D401BC91EF1244E0076CE5D /* CategoryCellFrame.m */; };
		0D57C7C11EF3C1310064603E /* KLFMDiscoverReq.m in Sources */ = {isa = PBXBuildFile; fileRef = 0D57C7C01EF3C1310064603E /* KLFMDiscoverReq.m */; };
		0D57C7C91EF3C3320064603E /* DiscoverBaseClass.m in Sources */ = {isa = PBXBuildFile; fileRef = 0D57C7C31EF3C3320064603E /* DiscoverBaseClass.m */; };
		0D57C7CA1EF3C3320064603E /* DiscoverDataList.m in Sources */ = {isa = PBXBuildFile; fileRef = 0D57C7C51EF3C3320064603E /* DiscoverDataList.m */; };
		0D57C7CB1EF3C3320064603E /* DiscoverResult.m in Sources */ = {isa = PBXBuildFile; fileRef = 0D57C7C81EF3C3320064603E /* DiscoverResult.m */; };
		0D57C7CE1EF3C4070064603E /* DiscoverModel.m in Sources */ = {isa = PBXBuildFile; fileRef = 0D57C7CD1EF3C4070064603E /* DiscoverModel.m */; };
		0D57C7D11EF3C5550064603E /* DiscoverCell.m in Sources */ = {isa = PBXBuildFile; fileRef = 0D57C7D01EF3C5550064603E /* DiscoverCell.m */; };
		0D57C7D41EF3C71E0064603E /* DiscoverCellFrame.m in Sources */ = {isa = PBXBuildFile; fileRef = 0D57C7D31EF3C71E0064603E /* DiscoverCellFrame.m */; };
		0D5E537F1ED52707009FB1D9 /* KLFMNavBar.m in Sources */ = {isa = PBXBuildFile; fileRef = 0D5E537E1ED52707009FB1D9 /* KLFMNavBar.m */; };
		0D6095DA1EF799010028666F /* AppNotification.m in Sources */ = {isa = PBXBuildFile; fileRef = 0D6095D91EF799010028666F /* AppNotification.m */; };
		0DB24B111ECC2D0A00ABF4CA /* main.m in Sources */ = {isa = PBXBuildFile; fileRef = 0DB24B101ECC2D0A00ABF4CA /* main.m */; };
		0DB24B1C1ECC2D0A00ABF4CA /* Assets.xcassets in Resources */ = {isa = PBXBuildFile; fileRef = 0DB24B1B1ECC2D0A00ABF4CA /* Assets.xcassets */; };
		0DB24B2A1ECC2D0B00ABF4CA /* KaoLaFMTests.m in Sources */ = {isa = PBXBuildFile; fileRef = 0DB24B291ECC2D0B00ABF4CA /* KaoLaFMTests.m */; };
		0DB24B351ECC2D0B00ABF4CA /* KaoLaFMUITests.m in Sources */ = {isa = PBXBuildFile; fileRef = 0DB24B341ECC2D0B00ABF4CA /* KaoLaFMUITests.m */; };
		0DB24B5B1ECC315800ABF4CA /* BaseTableViewController.m in Sources */ = {isa = PBXBuildFile; fileRef = 0DB24B481ECC315800ABF4CA /* BaseTableViewController.m */; };
		0DB24B5C1ECC315800ABF4CA /* BaseViewController.m in Sources */ = {isa = PBXBuildFile; fileRef = 0DB24B4A1ECC315800ABF4CA /* BaseViewController.m */; };
		0DB24B5D1ECC315800ABF4CA /* BaseRequest.m in Sources */ = {isa = PBXBuildFile; fileRef = 0DB24B4D1ECC315800ABF4CA /* BaseRequest.m */; };
		0DB24B5E1ECC315800ABF4CA /* BaseTableHeaderFooterView.m in Sources */ = {isa = PBXBuildFile; fileRef = 0DB24B501ECC315800ABF4CA /* BaseTableHeaderFooterView.m */; };
		0DB24B5F1ECC315800ABF4CA /* BaseTableView.m in Sources */ = {isa = PBXBuildFile; fileRef = 0DB24B521ECC315800ABF4CA /* BaseTableView.m */; };
		0DB24B601ECC315800ABF4CA /* BaseTableViewCell.m in Sources */ = {isa = PBXBuildFile; fileRef = 0DB24B541ECC315800ABF4CA /* BaseTableViewCell.m */; };
		0DDFE8B21EF36EB400BDE04B /* CategoryOtherCell.m in Sources */ = {isa = PBXBuildFile; fileRef = 0DDFE8B11EF36EB400BDE04B /* CategoryOtherCell.m */; };
		0DDFE8B51EF37B8700BDE04B /* CategoryBroadCell.m in Sources */ = {isa = PBXBuildFile; fileRef = 0DDFE8B41EF37B8700BDE04B /* CategoryBroadCell.m */; };
		0DDFE8C11EF37CD500BDE04B /* BroadBaseClass.m in Sources */ = {isa = PBXBuildFile; fileRef = 0DDFE8BB1EF37CD500BDE04B /* BroadBaseClass.m */; };
		0DDFE8C21EF37CD500BDE04B /* BroadDataList.m in Sources */ = {isa = PBXBuildFile; fileRef = 0DDFE8BD1EF37CD500BDE04B /* BroadDataList.m */; };
		0DDFE8C31EF37CD500BDE04B /* BroadResult.m in Sources */ = {isa = PBXBuildFile; fileRef = 0DDFE8C01EF37CD500BDE04B /* BroadResult.m */; };
		2D8132F5BB7DD3E7E194207E /* libPods-KaoLaFM.a in Frameworks */ = {isa = PBXBuildFile; fileRef = E0B1FDF5DB2AEF51F75978F6 /* libPods-KaoLaFM.a */; };
		640FB24B1ED12E3C008036F7 /* 02.3gp in Resources */ = {isa = PBXBuildFile; fileRef = 640FB2491ED12E3C008036F7 /* 02.3gp */; };
		640FB24E1ED13240008036F7 /* 05.3gp in Resources */ = {isa = PBXBuildFile; fileRef = 640FB24D1ED13240008036F7 /* 05.3gp */; };
		6412F5BD1EF54AD000198C55 /* YXGAVPlayerView.m in Sources */ = {isa = PBXBuildFile; fileRef = 6412F5BC1EF54AD000198C55 /* YXGAVPlayerView.m */; };
		6412F5C01EF54AF000198C55 /* YXGAVPlayer.m in Sources */ = {isa = PBXBuildFile; fileRef = 6412F5BF1EF54AF000198C55 /* YXGAVPlayer.m */; };
		64853D991ED477A800D05788 /* HomeTJMenuView.m in Sources */ = {isa = PBXBuildFile; fileRef = 64853D981ED477A800D05788 /* HomeTJMenuView.m */; };
		64C370D81ED31D0A00EC366D /* SelectionCell.m in Sources */ = {isa = PBXBuildFile; fileRef = 64C370D71ED31D0A00EC366D /* SelectionCell.m */; };
		64C370DB1ED3271300EC366D /* SelectionCellFrame.m in Sources */ = {isa = PBXBuildFile; fileRef = 64C370DA1ED3271300EC366D /* SelectionCellFrame.m */; };
		64CEE6331EEBFA62005039FB /* KLFMViewVC.m in Sources */ = {isa = PBXBuildFile; fileRef = 64CEE6321EEBFA62005039FB /* KLFMViewVC.m */; };
		64CEE6361EEC0E1A005039FB /* BaseNavigationViewController.m in Sources */ = {isa = PBXBuildFile; fileRef = 64CEE6351EEC0E1A005039FB /* BaseNavigationViewController.m */; };
		64CEE63C1EEC2099005039FB /* KLFMOtherVC.m in Sources */ = {isa = PBXBuildFile; fileRef = 64CEE63B1EEC2099005039FB /* KLFMOtherVC.m */; };
		64E99F651EECFC0200CBC205 /* MainTabBarController.m in Sources */ = {isa = PBXBuildFile; fileRef = 64E99F641EECFC0200CBC205 /* MainTabBarController.m */; };
		64F927181ED0775900C2F424 /* KLFMLauchMovieVC.m in Sources */ = {isa = PBXBuildFile; fileRef = 64F927151ED0775900C2F424 /* KLFMLauchMovieVC.m */; };
/* End PBXBuildFile section */

/* Begin PBXContainerItemProxy section */
		0DB24B261ECC2D0B00ABF4CA /* PBXContainerItemProxy */ = {
			isa = PBXContainerItemProxy;
			containerPortal = 0DB24B041ECC2D0A00ABF4CA /* Project object */;
			proxyType = 1;
			remoteGlobalIDString = 0DB24B0B1ECC2D0A00ABF4CA;
			remoteInfo = KaoLaFM;
		};
		0DB24B311ECC2D0B00ABF4CA /* PBXContainerItemProxy */ = {
			isa = PBXContainerItemProxy;
			containerPortal = 0DB24B041ECC2D0A00ABF4CA /* Project object */;
			proxyType = 1;
			remoteGlobalIDString = 0DB24B0B1ECC2D0A00ABF4CA;
			remoteInfo = KaoLaFM;
		};
/* End PBXContainerItemProxy section */

/* Begin PBXFileReference section */
		0D352D121ECD343200447E1B /* BaseDefine.h */ = {isa = PBXFileReference; fileEncoding = 4; lastKnownFileType = sourcecode.c.h; path = BaseDefine.h; sourceTree = "<group>"; };
		0D352D131ECD343200447E1B /* BaseUrl.h */ = {isa = PBXFileReference; fileEncoding = 4; lastKnownFileType = sourcecode.c.h; path = BaseUrl.h; sourceTree = "<group>"; };
		0D352D141ECD343200447E1B /* InfoPlist.strings */ = {isa = PBXFileReference; fileEncoding = 4; lastKnownFileType = text.plist.strings; path = InfoPlist.strings; sourceTree = "<group>"; };
		0D352D151ECD343200447E1B /* KLFMAppDelegate.h */ = {isa = PBXFileReference; fileEncoding = 4; lastKnownFileType = sourcecode.c.h; path = KLFMAppDelegate.h; sourceTree = "<group>"; };
		0D352D161ECD343200447E1B /* KLFMAppDelegate.m */ = {isa = PBXFileReference; fileEncoding = 4; lastKnownFileType = sourcecode.c.objc; path = KLFMAppDelegate.m; sourceTree = "<group>"; };
		0D352D171ECD343200447E1B /* PrefixHeader.pch */ = {isa = PBXFileReference; fileEncoding = 4; lastKnownFileType = sourcecode.c.h; path = PrefixHeader.pch; sourceTree = "<group>"; };
		0D352D1B1ECD347500447E1B /* KLFMSelectionVC.h */ = {isa = PBXFileReference; fileEncoding = 4; lastKnownFileType = sourcecode.c.h; path = KLFMSelectionVC.h; sourceTree = "<group>"; };
		0D352D1C1ECD347500447E1B /* KLFMSelectionVC.m */ = {isa = PBXFileReference; fileEncoding = 4; lastKnownFileType = sourcecode.c.objc; path = KLFMSelectionVC.m; sourceTree = "<group>"; };
		0D352D201ECD378500447E1B /* KLFMSelectionReq.h */ = {isa = PBXFileReference; fileEncoding = 4; lastKnownFileType = sourcecode.c.h; path = KLFMSelectionReq.h; sourceTree = "<group>"; };
		0D352D211ECD378500447E1B /* KLFMSelectionReq.m */ = {isa = PBXFileReference; fileEncoding = 4; lastKnownFileType = sourcecode.c.objc; path = KLFMSelectionReq.m; sourceTree = "<group>"; };
		0D352D251ECD3E5400447E1B /* NSString+Extension.h */ = {isa = PBXFileReference; fileEncoding = 4; lastKnownFileType = sourcecode.c.h; path = "NSString+Extension.h"; sourceTree = "<group>"; };
		0D352D261ECD3E5400447E1B /* NSString+Extension.m */ = {isa = PBXFileReference; fileEncoding = 4; lastKnownFileType = sourcecode.c.objc; path = "NSString+Extension.m"; sourceTree = "<group>"; };
		0D352D271ECD3E5400447E1B /* UIView+Addition.h */ = {isa = PBXFileReference; fileEncoding = 4; lastKnownFileType = sourcecode.c.h; path = "UIView+Addition.h"; sourceTree = "<group>"; };
		0D352D281ECD3E5400447E1B /* UIView+Addition.m */ = {isa = PBXFileReference; fileEncoding = 4; lastKnownFileType = sourcecode.c.objc; path = "UIView+Addition.m"; sourceTree = "<group>"; };
		0D352D2A1ECD3E5400447E1B /* CycleBannerCell.h */ = {isa = PBXFileReference; fileEncoding = 4; lastKnownFileType = sourcecode.c.h; path = CycleBannerCell.h; sourceTree = "<group>"; };
		0D352D2B1ECD3E5400447E1B /* CycleBannerCell.m */ = {isa = PBXFileReference; fileEncoding = 4; lastKnownFileType = sourcecode.c.objc; path = CycleBannerCell.m; sourceTree = "<group>"; };
		0D352D2C1ECD3E5400447E1B /* CycleBannerView.h */ = {isa = PBXFileReference; fileEncoding = 4; lastKnownFileType = sourcecode.c.h; path = CycleBannerView.h; sourceTree = "<group>"; };
		0D352D2D1ECD3E5400447E1B /* CycleBannerView.m */ = {isa = PBXFileReference; fileEncoding = 4; lastKnownFileType = sourcecode.c.objc; path = CycleBannerView.m; sourceTree = "<group>"; };
		0D352D2F1ECD3E5400447E1B /* Factory.h */ = {isa = PBXFileReference; fileEncoding = 4; lastKnownFileType = sourcecode.c.h; path = Factory.h; sourceTree = "<group>"; };
		0D352D301ECD3E5400447E1B /* Factory.m */ = {isa = PBXFileReference; fileEncoding = 4; lastKnownFileType = sourcecode.c.objc; path = Factory.m; sourceTree = "<group>"; };
		0D352D311ECD3E5400447E1B /* HelperTools.h */ = {isa = PBXFileReference; fileEncoding = 4; lastKnownFileType = sourcecode.c.h; path = HelperTools.h; sourceTree = "<group>"; };
		0D352D321ECD3E5400447E1B /* HelperTools.m */ = {isa = PBXFileReference; fileEncoding = 4; lastKnownFileType = sourcecode.c.objc; path = HelperTools.m; sourceTree = "<group>"; };
		0D352D331ECD3E5400447E1B /* SingletonManager.h */ = {isa = PBXFileReference; fileEncoding = 4; lastKnownFileType = sourcecode.c.h; path = SingletonManager.h; sourceTree = "<group>"; };
		0D352D341ECD3E5400447E1B /* SingletonManager.m */ = {isa = PBXFileReference; fileEncoding = 4; lastKnownFileType = sourcecode.c.objc; path = SingletonManager.m; sourceTree = "<group>"; };
		0D352D4A1ECD493D00447E1B /* SelectionBaseClass.h */ = {isa = PBXFileReference; fileEncoding = 4; lastKnownFileType = sourcecode.c.h; path = SelectionBaseClass.h; sourceTree = "<group>"; };
		0D352D4B1ECD493D00447E1B /* SelectionBaseClass.m */ = {isa = PBXFileReference; fileEncoding = 4; lastKnownFileType = sourcecode.c.objc; path = SelectionBaseClass.m; sourceTree = "<group>"; };
		0D352D4C1ECD493D00447E1B /* SelectionDataList.h */ = {isa = PBXFileReference; fileEncoding = 4; lastKnownFileType = sourcecode.c.h; path = SelectionDataList.h; sourceTree = "<group>"; };
		0D352D4D1ECD493D00447E1B /* SelectionDataList.m */ = {isa = PBXFileReference; fileEncoding = 4; lastKnownFileType = sourcecode.c.objc; path = SelectionDataList.m; sourceTree = "<group>"; };
		0D352D4E1ECD493D00447E1B /* SelectionDataModels.h */ = {isa = PBXFileReference; fileEncoding = 4; lastKnownFileType = sourcecode.c.h; path = SelectionDataModels.h; sourceTree = "<group>"; };
		0D352D4F1ECD493D00447E1B /* SelectionResult.h */ = {isa = PBXFileReference; fileEncoding = 4; lastKnownFileType = sourcecode.c.h; path = SelectionResult.h; sourceTree = "<group>"; };
		0D352D501ECD493D00447E1B /* SelectionResult.m */ = {isa = PBXFileReference; fileEncoding = 4; lastKnownFileType = sourcecode.c.objc; path = SelectionResult.m; sourceTree = "<group>"; };
		0D352D541ECD4C6600447E1B /* SelectionModel.h */ = {isa = PBXFileReference; fileEncoding = 4; lastKnownFileType = sourcecode.c.h; path = SelectionModel.h; sourceTree = "<group>"; };
		0D352D551ECD4C6600447E1B /* SelectionModel.m */ = {isa = PBXFileReference; fileEncoding = 4; lastKnownFileType = sourcecode.c.objc; path = SelectionModel.m; sourceTree = "<group>"; };
		0D352D6F1ECD799100447E1B /* KLFMNavigateVC.h */ = {isa = PBXFileReference; fileEncoding = 4; lastKnownFileType = sourcecode.c.h; path = KLFMNavigateVC.h; sourceTree = "<group>"; };
		0D352D701ECD799100447E1B /* KLFMNavigateVC.m */ = {isa = PBXFileReference; fileEncoding = 4; lastKnownFileType = sourcecode.c.objc; path = KLFMNavigateVC.m; sourceTree = "<group>"; };
		0D352D741ECD799100447E1B /* KLFMNavigateView.h */ = {isa = PBXFileReference; fileEncoding = 4; lastKnownFileType = sourcecode.c.h; path = KLFMNavigateView.h; sourceTree = "<group>"; };
		0D352D751ECD799100447E1B /* KLFMNavigateView.m */ = {isa = PBXFileReference; fileEncoding = 4; lastKnownFileType = sourcecode.c.objc; path = KLFMNavigateView.m; sourceTree = "<group>"; };
		0D352D781ECD79BD00447E1B /* KLFMTabbarReq.h */ = {isa = PBXFileReference; fileEncoding = 4; lastKnownFileType = sourcecode.c.h; path = KLFMTabbarReq.h; sourceTree = "<group>"; };
		0D352D791ECD79BD00447E1B /* KLFMTabbarReq.m */ = {isa = PBXFileReference; fileEncoding = 4; lastKnownFileType = sourcecode.c.objc; path = KLFMTabbarReq.m; sourceTree = "<group>"; };
		0D352D7B1ECD7BA400447E1B /* TabbarBaseClass.h */ = {isa = PBXFileReference; fileEncoding = 4; lastKnownFileType = sourcecode.c.h; path = TabbarBaseClass.h; sourceTree = "<group>"; };
		0D352D7C1ECD7BA400447E1B /* TabbarBaseClass.m */ = {isa = PBXFileReference; fileEncoding = 4; lastKnownFileType = sourcecode.c.objc; path = TabbarBaseClass.m; sourceTree = "<group>"; };
		0D352D7D1ECD7BA400447E1B /* TabbarDataList.h */ = {isa = PBXFileReference; fileEncoding = 4; lastKnownFileType = sourcecode.c.h; path = TabbarDataList.h; sourceTree = "<group>"; };
		0D352D7E1ECD7BA400447E1B /* TabbarDataList.m */ = {isa = PBXFileReference; fileEncoding = 4; lastKnownFileType = sourcecode.c.objc; path = TabbarDataList.m; sourceTree = "<group>"; };
		0D352D7F1ECD7BA400447E1B /* TabbarDataModels.h */ = {isa = PBXFileReference; fileEncoding = 4; lastKnownFileType = sourcecode.c.h; path = TabbarDataModels.h; sourceTree = "<group>"; };
		0D352D801ECD7BA400447E1B /* TabbarResult.h */ = {isa = PBXFileReference; fileEncoding = 4; lastKnownFileType = sourcecode.c.h; path = TabbarResult.h; sourceTree = "<group>"; };
		0D352D811ECD7BA400447E1B /* TabbarResult.m */ = {isa = PBXFileReference; fileEncoding = 4; lastKnownFileType = sourcecode.c.objc; path = TabbarResult.m; sourceTree = "<group>"; };
		0D401B861EF0BF860076CE5D /* ColorHelper.h */ = {isa = PBXFileReference; fileEncoding = 4; lastKnownFileType = sourcecode.c.h; path = ColorHelper.h; sourceTree = "<group>"; };
		0D401B871EF0BF860076CE5D /* ColorHelper.m */ = {isa = PBXFileReference; fileEncoding = 4; lastKnownFileType = sourcecode.c.objc; path = ColorHelper.m; sourceTree = "<group>"; };
		0D401BA01EF1091D0076CE5D /* KLFMSubscribeVC.h */ = {isa = PBXFileReference; fileEncoding = 4; lastKnownFileType = sourcecode.c.h; path = KLFMSubscribeVC.h; sourceTree = "<group>"; };
		0D401BA11EF1091D0076CE5D /* KLFMSubscribeVC.m */ = {isa = PBXFileReference; fileEncoding = 4; lastKnownFileType = sourcecode.c.objc; path = KLFMSubscribeVC.m; sourceTree = "<group>"; };
		0D401BA61EF109780076CE5D /* KLFMDiscoverVC.h */ = {isa = PBXFileReference; fileEncoding = 4; lastKnownFileType = sourcecode.c.h; path = KLFMDiscoverVC.h; sourceTree = "<group>"; };
		0D401BA71EF109780076CE5D /* KLFMDiscoverVC.m */ = {isa = PBXFileReference; fileEncoding = 4; lastKnownFileType = sourcecode.c.objc; path = KLFMDiscoverVC.m; sourceTree = "<group>"; };
		0D401BA91EF1099D0076CE5D /* KLFMAnchorVC.h */ = {isa = PBXFileReference; fileEncoding = 4; lastKnownFileType = sourcecode.c.h; path = KLFMAnchorVC.h; sourceTree = "<group>"; };
		0D401BAA1EF1099D0076CE5D /* KLFMAnchorVC.m */ = {isa = PBXFileReference; fileEncoding = 4; lastKnownFileType = sourcecode.c.objc; path = KLFMAnchorVC.m; sourceTree = "<group>"; };
		0D401BAE1EF10EEA0076CE5D /* KLFMCategoryVC.h */ = {isa = PBXFileReference; fileEncoding = 4; lastKnownFileType = sourcecode.c.h; path = KLFMCategoryVC.h; sourceTree = "<group>"; };
		0D401BAF1EF10EEA0076CE5D /* KLFMCategoryVC.m */ = {isa = PBXFileReference; fileEncoding = 4; lastKnownFileType = sourcecode.c.objc; path = KLFMCategoryVC.m; sourceTree = "<group>"; };
		0D401BB41EF10F9A0076CE5D /* KLFMCategoryReq.h */ = {isa = PBXFileReference; fileEncoding = 4; lastKnownFileType = sourcecode.c.h; path = KLFMCategoryReq.h; sourceTree = "<group>"; };
		0D401BB51EF10F9A0076CE5D /* KLFMCategoryReq.m */ = {isa = PBXFileReference; fileEncoding = 4; lastKnownFileType = sourcecode.c.objc; path = KLFMCategoryReq.m; sourceTree = "<group>"; };
		0D401BB81EF112FF0076CE5D /* CategoryBaseClass.h */ = {isa = PBXFileReference; fileEncoding = 4; lastKnownFileType = sourcecode.c.h; path = CategoryBaseClass.h; sourceTree = "<group>"; };
		0D401BB91EF112FF0076CE5D /* CategoryBaseClass.m */ = {isa = PBXFileReference; fileEncoding = 4; lastKnownFileType = sourcecode.c.objc; path = CategoryBaseClass.m; sourceTree = "<group>"; };
		0D401BBA1EF112FF0076CE5D /* CategoryDataList.h */ = {isa = PBXFileReference; fileEncoding = 4; lastKnownFileType = sourcecode.c.h; path = CategoryDataList.h; sourceTree = "<group>"; };
		0D401BBB1EF112FF0076CE5D /* CategoryDataList.m */ = {isa = PBXFileReference; fileEncoding = 4; lastKnownFileType = sourcecode.c.objc; path = CategoryDataList.m; sourceTree = "<group>"; };
		0D401BBC1EF112FF0076CE5D /* CategoryDataModels.h */ = {isa = PBXFileReference; fileEncoding = 4; lastKnownFileType = sourcecode.c.h; path = CategoryDataModels.h; sourceTree = "<group>"; };
		0D401BBD1EF112FF0076CE5D /* CategoryResult.h */ = {isa = PBXFileReference; fileEncoding = 4; lastKnownFileType = sourcecode.c.h; path = CategoryResult.h; sourceTree = "<group>"; };
		0D401BBE1EF112FF0076CE5D /* CategoryResult.m */ = {isa = PBXFileReference; fileEncoding = 4; lastKnownFileType = sourcecode.c.objc; path = CategoryResult.m; sourceTree = "<group>"; };
		0D401BC21EF113CD0076CE5D /* CategoryModel.h */ = {isa = PBXFileReference; fileEncoding = 4; lastKnownFileType = sourcecode.c.h; path = CategoryModel.h; sourceTree = "<group>"; };
		0D401BC31EF113CD0076CE5D /* CategoryModel.m */ = {isa = PBXFileReference; fileEncoding = 4; lastKnownFileType = sourcecode.c.objc; path = CategoryModel.m; sourceTree = "<group>"; };
		0D401BC51EF121050076CE5D /* CategoryCell.h */ = {isa = PBXFileReference; fileEncoding = 4; lastKnownFileType = sourcecode.c.h; path = CategoryCell.h; sourceTree = "<group>"; };
		0D401BC61EF121050076CE5D /* CategoryCell.m */ = {isa = PBXFileReference; fileEncoding = 4; lastKnownFileType = sourcecode.c.objc; path = CategoryCell.m; sourceTree = "<group>"; };
		0D401BC81EF1244E0076CE5D /* CategoryCellFrame.h */ = {isa = PBXFileReference; fileEncoding = 4; lastKnownFileType = sourcecode.c.h; path = CategoryCellFrame.h; sourceTree = "<group>"; };
		0D401BC91EF1244E0076CE5D /* CategoryCellFrame.m */ = {isa = PBXFileReference; fileEncoding = 4; lastKnownFileType = sourcecode.c.objc; path = CategoryCellFrame.m; sourceTree = "<group>"; };
		0D57C7BF1EF3C1310064603E /* KLFMDiscoverReq.h */ = {isa = PBXFileReference; fileEncoding = 4; lastKnownFileType = sourcecode.c.h; path = KLFMDiscoverReq.h; sourceTree = "<group>"; };
		0D57C7C01EF3C1310064603E /* KLFMDiscoverReq.m */ = {isa = PBXFileReference; fileEncoding = 4; lastKnownFileType = sourcecode.c.objc; path = KLFMDiscoverReq.m; sourceTree = "<group>"; };
		0D57C7C21EF3C3320064603E /* DiscoverBaseClass.h */ = {isa = PBXFileReference; fileEncoding = 4; lastKnownFileType = sourcecode.c.h; path = DiscoverBaseClass.h; sourceTree = "<group>"; };
		0D57C7C31EF3C3320064603E /* DiscoverBaseClass.m */ = {isa = PBXFileReference; fileEncoding = 4; lastKnownFileType = sourcecode.c.objc; path = DiscoverBaseClass.m; sourceTree = "<group>"; };
		0D57C7C41EF3C3320064603E /* DiscoverDataList.h */ = {isa = PBXFileReference; fileEncoding = 4; lastKnownFileType = sourcecode.c.h; path = DiscoverDataList.h; sourceTree = "<group>"; };
		0D57C7C51EF3C3320064603E /* DiscoverDataList.m */ = {isa = PBXFileReference; fileEncoding = 4; lastKnownFileType = sourcecode.c.objc; path = DiscoverDataList.m; sourceTree = "<group>"; };
		0D57C7C61EF3C3320064603E /* DiscoverDataModels.h */ = {isa = PBXFileReference; fileEncoding = 4; lastKnownFileType = sourcecode.c.h; path = DiscoverDataModels.h; sourceTree = "<group>"; };
		0D57C7C71EF3C3320064603E /* DiscoverResult.h */ = {isa = PBXFileReference; fileEncoding = 4; lastKnownFileType = sourcecode.c.h; path = DiscoverResult.h; sourceTree = "<group>"; };
		0D57C7C81EF3C3320064603E /* DiscoverResult.m */ = {isa = PBXFileReference; fileEncoding = 4; lastKnownFileType = sourcecode.c.objc; path = DiscoverResult.m; sourceTree = "<group>"; };
		0D57C7CC1EF3C4070064603E /* DiscoverModel.h */ = {isa = PBXFileReference; fileEncoding = 4; lastKnownFileType = sourcecode.c.h; path = DiscoverModel.h; sourceTree = "<group>"; };
		0D57C7CD1EF3C4070064603E /* DiscoverModel.m */ = {isa = PBXFileReference; fileEncoding = 4; lastKnownFileType = sourcecode.c.objc; path = DiscoverModel.m; sourceTree = "<group>"; };
		0D57C7CF1EF3C5550064603E /* DiscoverCell.h */ = {isa = PBXFileReference; fileEncoding = 4; lastKnownFileType = sourcecode.c.h; path = DiscoverCell.h; sourceTree = "<group>"; };
		0D57C7D01EF3C5550064603E /* DiscoverCell.m */ = {isa = PBXFileReference; fileEncoding = 4; lastKnownFileType = sourcecode.c.objc; path = DiscoverCell.m; sourceTree = "<group>"; };
		0D57C7D21EF3C71E0064603E /* DiscoverCellFrame.h */ = {isa = PBXFileReference; fileEncoding = 4; lastKnownFileType = sourcecode.c.h; path = DiscoverCellFrame.h; sourceTree = "<group>"; };
		0D57C7D31EF3C71E0064603E /* DiscoverCellFrame.m */ = {isa = PBXFileReference; fileEncoding = 4; lastKnownFileType = sourcecode.c.objc; path = DiscoverCellFrame.m; sourceTree = "<group>"; };
		0D5E537D1ED52707009FB1D9 /* KLFMNavBar.h */ = {isa = PBXFileReference; fileEncoding = 4; lastKnownFileType = sourcecode.c.h; path = KLFMNavBar.h; sourceTree = "<group>"; };
		0D5E537E1ED52707009FB1D9 /* KLFMNavBar.m */ = {isa = PBXFileReference; fileEncoding = 4; lastKnownFileType = sourcecode.c.objc; path = KLFMNavBar.m; sourceTree = "<group>"; };
		0D6095D81EF799010028666F /* AppNotification.h */ = {isa = PBXFileReference; fileEncoding = 4; lastKnownFileType = sourcecode.c.h; path = AppNotification.h; sourceTree = "<group>"; };
		0D6095D91EF799010028666F /* AppNotification.m */ = {isa = PBXFileReference; fileEncoding = 4; lastKnownFileType = sourcecode.c.objc; path = AppNotification.m; sourceTree = "<group>"; };
		0DB24B0C1ECC2D0A00ABF4CA /* KaoLaFM.app */ = {isa = PBXFileReference; explicitFileType = wrapper.application; includeInIndex = 0; path = KaoLaFM.app; sourceTree = BUILT_PRODUCTS_DIR; };
		0DB24B101ECC2D0A00ABF4CA /* main.m */ = {isa = PBXFileReference; lastKnownFileType = sourcecode.c.objc; path = main.m; sourceTree = "<group>"; };
		0DB24B1B1ECC2D0A00ABF4CA /* Assets.xcassets */ = {isa = PBXFileReference; lastKnownFileType = folder.assetcatalog; path = Assets.xcassets; sourceTree = "<group>"; };
		0DB24B201ECC2D0A00ABF4CA /* Info.plist */ = {isa = PBXFileReference; lastKnownFileType = text.plist.xml; path = Info.plist; sourceTree = "<group>"; };
		0DB24B251ECC2D0B00ABF4CA /* KaoLaFMTests.xctest */ = {isa = PBXFileReference; explicitFileType = wrapper.cfbundle; includeInIndex = 0; path = KaoLaFMTests.xctest; sourceTree = BUILT_PRODUCTS_DIR; };
		0DB24B291ECC2D0B00ABF4CA /* KaoLaFMTests.m */ = {isa = PBXFileReference; lastKnownFileType = sourcecode.c.objc; path = KaoLaFMTests.m; sourceTree = "<group>"; };
		0DB24B2B1ECC2D0B00ABF4CA /* Info.plist */ = {isa = PBXFileReference; lastKnownFileType = text.plist.xml; path = Info.plist; sourceTree = "<group>"; };
		0DB24B301ECC2D0B00ABF4CA /* KaoLaFMUITests.xctest */ = {isa = PBXFileReference; explicitFileType = wrapper.cfbundle; includeInIndex = 0; path = KaoLaFMUITests.xctest; sourceTree = BUILT_PRODUCTS_DIR; };
		0DB24B341ECC2D0B00ABF4CA /* KaoLaFMUITests.m */ = {isa = PBXFileReference; lastKnownFileType = sourcecode.c.objc; path = KaoLaFMUITests.m; sourceTree = "<group>"; };
		0DB24B361ECC2D0B00ABF4CA /* Info.plist */ = {isa = PBXFileReference; lastKnownFileType = text.plist.xml; path = Info.plist; sourceTree = "<group>"; };
		0DB24B471ECC315800ABF4CA /* BaseTableViewController.h */ = {isa = PBXFileReference; fileEncoding = 4; lastKnownFileType = sourcecode.c.h; path = BaseTableViewController.h; sourceTree = "<group>"; };
		0DB24B481ECC315800ABF4CA /* BaseTableViewController.m */ = {isa = PBXFileReference; fileEncoding = 4; lastKnownFileType = sourcecode.c.objc; path = BaseTableViewController.m; sourceTree = "<group>"; };
		0DB24B491ECC315800ABF4CA /* BaseViewController.h */ = {isa = PBXFileReference; fileEncoding = 4; lastKnownFileType = sourcecode.c.h; path = BaseViewController.h; sourceTree = "<group>"; };
		0DB24B4A1ECC315800ABF4CA /* BaseViewController.m */ = {isa = PBXFileReference; fileEncoding = 4; lastKnownFileType = sourcecode.c.objc; path = BaseViewController.m; sourceTree = "<group>"; };
		0DB24B4C1ECC315800ABF4CA /* BaseRequest.h */ = {isa = PBXFileReference; fileEncoding = 4; lastKnownFileType = sourcecode.c.h; path = BaseRequest.h; sourceTree = "<group>"; };
		0DB24B4D1ECC315800ABF4CA /* BaseRequest.m */ = {isa = PBXFileReference; fileEncoding = 4; lastKnownFileType = sourcecode.c.objc; path = BaseRequest.m; sourceTree = "<group>"; };
		0DB24B4F1ECC315800ABF4CA /* BaseTableHeaderFooterView.h */ = {isa = PBXFileReference; fileEncoding = 4; lastKnownFileType = sourcecode.c.h; path = BaseTableHeaderFooterView.h; sourceTree = "<group>"; };
		0DB24B501ECC315800ABF4CA /* BaseTableHeaderFooterView.m */ = {isa = PBXFileReference; fileEncoding = 4; lastKnownFileType = sourcecode.c.objc; path = BaseTableHeaderFooterView.m; sourceTree = "<group>"; };
		0DB24B511ECC315800ABF4CA /* BaseTableView.h */ = {isa = PBXFileReference; fileEncoding = 4; lastKnownFileType = sourcecode.c.h; path = BaseTableView.h; sourceTree = "<group>"; };
		0DB24B521ECC315800ABF4CA /* BaseTableView.m */ = {isa = PBXFileReference; fileEncoding = 4; lastKnownFileType = sourcecode.c.objc; path = BaseTableView.m; sourceTree = "<group>"; };
		0DB24B531ECC315800ABF4CA /* BaseTableViewCell.h */ = {isa = PBXFileReference; fileEncoding = 4; lastKnownFileType = sourcecode.c.h; path = BaseTableViewCell.h; sourceTree = "<group>"; };
		0DB24B541ECC315800ABF4CA /* BaseTableViewCell.m */ = {isa = PBXFileReference; fileEncoding = 4; lastKnownFileType = sourcecode.c.objc; path = BaseTableViewCell.m; sourceTree = "<group>"; };
		0DDFE8B01EF36EB400BDE04B /* CategoryOtherCell.h */ = {isa = PBXFileReference; fileEncoding = 4; lastKnownFileType = sourcecode.c.h; path = CategoryOtherCell.h; sourceTree = "<group>"; };
		0DDFE8B11EF36EB400BDE04B /* CategoryOtherCell.m */ = {isa = PBXFileReference; fileEncoding = 4; lastKnownFileType = sourcecode.c.objc; path = CategoryOtherCell.m; sourceTree = "<group>"; };
		0DDFE8B31EF37B8700BDE04B /* CategoryBroadCell.h */ = {isa = PBXFileReference; fileEncoding = 4; lastKnownFileType = sourcecode.c.h; path = CategoryBroadCell.h; sourceTree = "<group>"; };
		0DDFE8B41EF37B8700BDE04B /* CategoryBroadCell.m */ = {isa = PBXFileReference; fileEncoding = 4; lastKnownFileType = sourcecode.c.objc; path = CategoryBroadCell.m; sourceTree = "<group>"; };
		0DDFE8BA1EF37CD500BDE04B /* BroadBaseClass.h */ = {isa = PBXFileReference; fileEncoding = 4; lastKnownFileType = sourcecode.c.h; path = BroadBaseClass.h; sourceTree = "<group>"; };
		0DDFE8BB1EF37CD500BDE04B /* BroadBaseClass.m */ = {isa = PBXFileReference; fileEncoding = 4; lastKnownFileType = sourcecode.c.objc; path = BroadBaseClass.m; sourceTree = "<group>"; };
		0DDFE8BC1EF37CD500BDE04B /* BroadDataList.h */ = {isa = PBXFileReference; fileEncoding = 4; lastKnownFileType = sourcecode.c.h; path = BroadDataList.h; sourceTree = "<group>"; };
		0DDFE8BD1EF37CD500BDE04B /* BroadDataList.m */ = {isa = PBXFileReference; fileEncoding = 4; lastKnownFileType = sourcecode.c.objc; path = BroadDataList.m; sourceTree = "<group>"; };
		0DDFE8BE1EF37CD500BDE04B /* BroadDataModels.h */ = {isa = PBXFileReference; fileEncoding = 4; lastKnownFileType = sourcecode.c.h; path = BroadDataModels.h; sourceTree = "<group>"; };
		0DDFE8BF1EF37CD500BDE04B /* BroadResult.h */ = {isa = PBXFileReference; fileEncoding = 4; lastKnownFileType = sourcecode.c.h; path = BroadResult.h; sourceTree = "<group>"; };
		0DDFE8C01EF37CD500BDE04B /* BroadResult.m */ = {isa = PBXFileReference; fileEncoding = 4; lastKnownFileType = sourcecode.c.objc; path = BroadResult.m; sourceTree = "<group>"; };
		1644424F9F813B9E3FD963A3 /* Pods-KaoLaFM.release.xcconfig */ = {isa = PBXFileReference; includeInIndex = 1; lastKnownFileType = text.xcconfig; name = "Pods-KaoLaFM.release.xcconfig"; path = "Pods/Target Support Files/Pods-KaoLaFM/Pods-KaoLaFM.release.xcconfig"; sourceTree = "<group>"; };
		640FB2491ED12E3C008036F7 /* 02.3gp */ = {isa = PBXFileReference; lastKnownFileType = file; path = 02.3gp; sourceTree = "<group>"; };
		640FB24D1ED13240008036F7 /* 05.3gp */ = {isa = PBXFileReference; lastKnownFileType = file; path = 05.3gp; sourceTree = "<group>"; };
		6412F5BB1EF54AD000198C55 /* YXGAVPlayerView.h */ = {isa = PBXFileReference; fileEncoding = 4; lastKnownFileType = sourcecode.c.h; path = YXGAVPlayerView.h; sourceTree = "<group>"; };
		6412F5BC1EF54AD000198C55 /* YXGAVPlayerView.m */ = {isa = PBXFileReference; fileEncoding = 4; lastKnownFileType = sourcecode.c.objc; path = YXGAVPlayerView.m; sourceTree = "<group>"; };
		6412F5BE1EF54AF000198C55 /* YXGAVPlayer.h */ = {isa = PBXFileReference; fileEncoding = 4; lastKnownFileType = sourcecode.c.h; path = YXGAVPlayer.h; sourceTree = "<group>"; };
		6412F5BF1EF54AF000198C55 /* YXGAVPlayer.m */ = {isa = PBXFileReference; fileEncoding = 4; lastKnownFileType = sourcecode.c.objc; path = YXGAVPlayer.m; sourceTree = "<group>"; };
		64853D971ED477A800D05788 /* HomeTJMenuView.h */ = {isa = PBXFileReference; fileEncoding = 4; lastKnownFileType = sourcecode.c.h; path = HomeTJMenuView.h; sourceTree = "<group>"; };
		64853D981ED477A800D05788 /* HomeTJMenuView.m */ = {isa = PBXFileReference; fileEncoding = 4; lastKnownFileType = sourcecode.c.objc; path = HomeTJMenuView.m; sourceTree = "<group>"; };
		64B6CE341EF169900055DBA8 /* publicDefine.h */ = {isa = PBXFileReference; lastKnownFileType = sourcecode.c.h; path = publicDefine.h; sourceTree = "<group>"; };
		64C370D61ED31D0A00EC366D /* SelectionCell.h */ = {isa = PBXFileReference; fileEncoding = 4; lastKnownFileType = sourcecode.c.h; path = SelectionCell.h; sourceTree = "<group>"; };
		64C370D71ED31D0A00EC366D /* SelectionCell.m */ = {isa = PBXFileReference; fileEncoding = 4; lastKnownFileType = sourcecode.c.objc; path = SelectionCell.m; sourceTree = "<group>"; };
		64C370D91ED3271300EC366D /* SelectionCellFrame.h */ = {isa = PBXFileReference; fileEncoding = 4; lastKnownFileType = sourcecode.c.h; path = SelectionCellFrame.h; sourceTree = "<group>"; };
		64C370DA1ED3271300EC366D /* SelectionCellFrame.m */ = {isa = PBXFileReference; fileEncoding = 4; lastKnownFileType = sourcecode.c.objc; path = SelectionCellFrame.m; sourceTree = "<group>"; };
		64CEE6311EEBFA62005039FB /* KLFMViewVC.h */ = {isa = PBXFileReference; fileEncoding = 4; lastKnownFileType = sourcecode.c.h; path = KLFMViewVC.h; sourceTree = "<group>"; };
		64CEE6321EEBFA62005039FB /* KLFMViewVC.m */ = {isa = PBXFileReference; fileEncoding = 4; lastKnownFileType = sourcecode.c.objc; path = KLFMViewVC.m; sourceTree = "<group>"; };
		64CEE6341EEC0E1A005039FB /* BaseNavigationViewController.h */ = {isa = PBXFileReference; fileEncoding = 4; lastKnownFileType = sourcecode.c.h; path = BaseNavigationViewController.h; sourceTree = "<group>"; };
		64CEE6351EEC0E1A005039FB /* BaseNavigationViewController.m */ = {isa = PBXFileReference; fileEncoding = 4; lastKnownFileType = sourcecode.c.objc; path = BaseNavigationViewController.m; sourceTree = "<group>"; };
		64CEE63A1EEC2099005039FB /* KLFMOtherVC.h */ = {isa = PBXFileReference; fileEncoding = 4; lastKnownFileType = sourcecode.c.h; path = KLFMOtherVC.h; sourceTree = "<group>"; };
		64CEE63B1EEC2099005039FB /* KLFMOtherVC.m */ = {isa = PBXFileReference; fileEncoding = 4; lastKnownFileType = sourcecode.c.objc; path = KLFMOtherVC.m; sourceTree = "<group>"; };
		64E99F631EECFC0200CBC205 /* MainTabBarController.h */ = {isa = PBXFileReference; fileEncoding = 4; lastKnownFileType = sourcecode.c.h; path = MainTabBarController.h; sourceTree = "<group>"; };
		64E99F641EECFC0200CBC205 /* MainTabBarController.m */ = {isa = PBXFileReference; fileEncoding = 4; lastKnownFileType = sourcecode.c.objc; path = MainTabBarController.m; sourceTree = "<group>"; };
		64F927141ED0775900C2F424 /* KLFMLauchMovieVC.h */ = {isa = PBXFileReference; fileEncoding = 4; lastKnownFileType = sourcecode.c.h; path = KLFMLauchMovieVC.h; sourceTree = "<group>"; };
		64F927151ED0775900C2F424 /* KLFMLauchMovieVC.m */ = {isa = PBXFileReference; fileEncoding = 4; lastKnownFileType = sourcecode.c.objc; path = KLFMLauchMovieVC.m; sourceTree = "<group>"; };
		CB4B633E6392EED9648BAD4C /* Pods-KaoLaFM.debug.xcconfig */ = {isa = PBXFileReference; includeInIndex = 1; lastKnownFileType = text.xcconfig; name = "Pods-KaoLaFM.debug.xcconfig"; path = "Pods/Target Support Files/Pods-KaoLaFM/Pods-KaoLaFM.debug.xcconfig"; sourceTree = "<group>"; };
		E0B1FDF5DB2AEF51F75978F6 /* libPods-KaoLaFM.a */ = {isa = PBXFileReference; explicitFileType = archive.ar; includeInIndex = 0; path = "libPods-KaoLaFM.a"; sourceTree = BUILT_PRODUCTS_DIR; };
/* End PBXFileReference section */

/* Begin PBXFrameworksBuildPhase section */
		0DB24B091ECC2D0A00ABF4CA /* Frameworks */ = {
			isa = PBXFrameworksBuildPhase;
			buildActionMask = 2147483647;
			files = (
				2D8132F5BB7DD3E7E194207E /* libPods-KaoLaFM.a in Frameworks */,
			);
			runOnlyForDeploymentPostprocessing = 0;
		};
		0DB24B221ECC2D0B00ABF4CA /* Frameworks */ = {
			isa = PBXFrameworksBuildPhase;
			buildActionMask = 2147483647;
			files = (
			);
			runOnlyForDeploymentPostprocessing = 0;
		};
		0DB24B2D1ECC2D0B00ABF4CA /* Frameworks */ = {
			isa = PBXFrameworksBuildPhase;
			buildActionMask = 2147483647;
			files = (
			);
			runOnlyForDeploymentPostprocessing = 0;
		};
/* End PBXFrameworksBuildPhase section */

/* Begin PBXGroup section */
		0D352D111ECD343200447E1B /* AppDelegate */ = {
			isa = PBXGroup;
			children = (
				0D352D121ECD343200447E1B /* BaseDefine.h */,
				64B6CE341EF169900055DBA8 /* publicDefine.h */,
				0D352D131ECD343200447E1B /* BaseUrl.h */,
				0D352D141ECD343200447E1B /* InfoPlist.strings */,
				0D352D151ECD343200447E1B /* KLFMAppDelegate.h */,
				0D352D161ECD343200447E1B /* KLFMAppDelegate.m */,
				0D352D171ECD343200447E1B /* PrefixHeader.pch */,
			);
			path = AppDelegate;
			sourceTree = "<group>";
		};
		0D352D1A1ECD347500447E1B /* Control */ = {
			isa = PBXGroup;
			children = (
				0D352D1B1ECD347500447E1B /* KLFMSelectionVC.h */,
				0D352D1C1ECD347500447E1B /* KLFMSelectionVC.m */,
				64CEE6311EEBFA62005039FB /* KLFMViewVC.h */,
				64CEE6321EEBFA62005039FB /* KLFMViewVC.m */,
				64CEE63A1EEC2099005039FB /* KLFMOtherVC.h */,
				64CEE63B1EEC2099005039FB /* KLFMOtherVC.m */,
			);
			path = Control;
			sourceTree = "<group>";
		};
		0D352D1D1ECD347500447E1B /* Model */ = {
			isa = PBXGroup;
			children = (
				0D352D541ECD4C6600447E1B /* SelectionModel.h */,
				0D352D551ECD4C6600447E1B /* SelectionModel.m */,
				0D352D491ECD493D00447E1B /* DataModel */,
			);
			path = Model;
			sourceTree = "<group>";
		};
		0D352D1E1ECD347500447E1B /* Request */ = {
			isa = PBXGroup;
			children = (
				0D352D201ECD378500447E1B /* KLFMSelectionReq.h */,
				0D352D211ECD378500447E1B /* KLFMSelectionReq.m */,
			);
			path = Request;
			sourceTree = "<group>";
		};
		0D352D231ECD3E5400447E1B /* Tools */ = {
			isa = PBXGroup;
			children = (
				0D352D241ECD3E5400447E1B /* Category */,
				0D352D291ECD3E5400447E1B /* CycleBannerView */,
				0D352D2E1ECD3E5400447E1B /* Hepler */,
			);
			path = Tools;
			sourceTree = "<group>";
		};
		0D352D241ECD3E5400447E1B /* Category */ = {
			isa = PBXGroup;
			children = (
				0D352D251ECD3E5400447E1B /* NSString+Extension.h */,
				0D352D261ECD3E5400447E1B /* NSString+Extension.m */,
				0D352D271ECD3E5400447E1B /* UIView+Addition.h */,
				0D352D281ECD3E5400447E1B /* UIView+Addition.m */,
			);
			path = Category;
			sourceTree = "<group>";
		};
		0D352D291ECD3E5400447E1B /* CycleBannerView */ = {
			isa = PBXGroup;
			children = (
				0D352D2A1ECD3E5400447E1B /* CycleBannerCell.h */,
				0D352D2B1ECD3E5400447E1B /* CycleBannerCell.m */,
				0D352D2C1ECD3E5400447E1B /* CycleBannerView.h */,
				0D352D2D1ECD3E5400447E1B /* CycleBannerView.m */,
			);
			path = CycleBannerView;
			sourceTree = "<group>";
		};
		0D352D2E1ECD3E5400447E1B /* Hepler */ = {
			isa = PBXGroup;
			children = (
				0D401B861EF0BF860076CE5D /* ColorHelper.h */,
				0D401B871EF0BF860076CE5D /* ColorHelper.m */,
				0D352D2F1ECD3E5400447E1B /* Factory.h */,
				0D352D301ECD3E5400447E1B /* Factory.m */,
				0D352D311ECD3E5400447E1B /* HelperTools.h */,
				0D352D321ECD3E5400447E1B /* HelperTools.m */,
				0D352D331ECD3E5400447E1B /* SingletonManager.h */,
				0D352D341ECD3E5400447E1B /* SingletonManager.m */,
				0D6095D81EF799010028666F /* AppNotification.h */,
				0D6095D91EF799010028666F /* AppNotification.m */,
			);
			path = Hepler;
			sourceTree = "<group>";
		};
		0D352D491ECD493D00447E1B /* DataModel */ = {
			isa = PBXGroup;
			children = (
				0D352D4A1ECD493D00447E1B /* SelectionBaseClass.h */,
				0D352D4B1ECD493D00447E1B /* SelectionBaseClass.m */,
				0D352D4C1ECD493D00447E1B /* SelectionDataList.h */,
				0D352D4D1ECD493D00447E1B /* SelectionDataList.m */,
				0D352D4E1ECD493D00447E1B /* SelectionDataModels.h */,
				0D352D4F1ECD493D00447E1B /* SelectionResult.h */,
				0D352D501ECD493D00447E1B /* SelectionResult.m */,
			);
			path = DataModel;
			sourceTree = "<group>";
		};
		0D352D6D1ECD799100447E1B /* KLFMTabbar */ = {
			isa = PBXGroup;
			children = (
				0D352D6E1ECD799100447E1B /* Control */,
				0D352D711ECD799100447E1B /* Model */,
				0D352D721ECD799100447E1B /* Request */,
				0D352D731ECD799100447E1B /* View */,
			);
			path = KLFMTabbar;
			sourceTree = "<group>";
		};
		0D352D6E1ECD799100447E1B /* Control */ = {
			isa = PBXGroup;
			children = (
				64E99F631EECFC0200CBC205 /* MainTabBarController.h */,
				64E99F641EECFC0200CBC205 /* MainTabBarController.m */,
				0D352D6F1ECD799100447E1B /* KLFMNavigateVC.h */,
				0D352D701ECD799100447E1B /* KLFMNavigateVC.m */,
			);
			path = Control;
			sourceTree = "<group>";
		};
		0D352D711ECD799100447E1B /* Model */ = {
			isa = PBXGroup;
			children = (
				0D352D7B1ECD7BA400447E1B /* TabbarBaseClass.h */,
				0D352D7C1ECD7BA400447E1B /* TabbarBaseClass.m */,
				0D352D7D1ECD7BA400447E1B /* TabbarDataList.h */,
				0D352D7E1ECD7BA400447E1B /* TabbarDataList.m */,
				0D352D7F1ECD7BA400447E1B /* TabbarDataModels.h */,
				0D352D801ECD7BA400447E1B /* TabbarResult.h */,
				0D352D811ECD7BA400447E1B /* TabbarResult.m */,
			);
			path = Model;
			sourceTree = "<group>";
		};
		0D352D721ECD799100447E1B /* Request */ = {
			isa = PBXGroup;
			children = (
				0D352D781ECD79BD00447E1B /* KLFMTabbarReq.h */,
				0D352D791ECD79BD00447E1B /* KLFMTabbarReq.m */,
			);
			path = Request;
			sourceTree = "<group>";
		};
		0D352D731ECD799100447E1B /* View */ = {
			isa = PBXGroup;
			children = (
				0D352D741ECD799100447E1B /* KLFMNavigateView.h */,
				0D352D751ECD799100447E1B /* KLFMNavigateView.m */,
			);
			path = View;
			sourceTree = "<group>";
		};
		0D401B8C1EF108630076CE5D /* Subscribe */ = {
			isa = PBXGroup;
			children = (
				0D401B8D1EF108630076CE5D /* Control */,
				0D401B8E1EF108630076CE5D /* Model */,
				0D401B8F1EF108630076CE5D /* Request */,
				0D401B901EF108630076CE5D /* View */,
			);
			name = Subscribe;
			path = KLFMTabbar/Subscribe;
			sourceTree = "<group>";
		};
		0D401B8D1EF108630076CE5D /* Control */ = {
			isa = PBXGroup;
			children = (
				0D401BA01EF1091D0076CE5D /* KLFMSubscribeVC.h */,
				0D401BA11EF1091D0076CE5D /* KLFMSubscribeVC.m */,
			);
			path = Control;
			sourceTree = "<group>";
		};
		0D401B8E1EF108630076CE5D /* Model */ = {
			isa = PBXGroup;
			children = (
			);
			path = Model;
			sourceTree = "<group>";
		};
		0D401B8F1EF108630076CE5D /* Request */ = {
			isa = PBXGroup;
			children = (
			);
			path = Request;
			sourceTree = "<group>";
		};
		0D401B901EF108630076CE5D /* View */ = {
			isa = PBXGroup;
			children = (
			);
			path = View;
			sourceTree = "<group>";
		};
		0D401B911EF108830076CE5D /* anchor */ = {
			isa = PBXGroup;
			children = (
				0D401B921EF108830076CE5D /* Control */,
				0D401B931EF108830076CE5D /* Model */,
				0D401B941EF108830076CE5D /* Request */,
				0D401B951EF108830076CE5D /* View */,
			);
			path = anchor;
			sourceTree = "<group>";
		};
		0D401B921EF108830076CE5D /* Control */ = {
			isa = PBXGroup;
			children = (
				0D401BA91EF1099D0076CE5D /* KLFMAnchorVC.h */,
				0D401BAA1EF1099D0076CE5D /* KLFMAnchorVC.m */,
			);
			path = Control;
			sourceTree = "<group>";
		};
		0D401B931EF108830076CE5D /* Model */ = {
			isa = PBXGroup;
			children = (
			);
			path = Model;
			sourceTree = "<group>";
		};
		0D401B941EF108830076CE5D /* Request */ = {
			isa = PBXGroup;
			children = (
			);
			path = Request;
			sourceTree = "<group>";
		};
		0D401B951EF108830076CE5D /* View */ = {
			isa = PBXGroup;
			children = (
			);
			path = View;
			sourceTree = "<group>";
		};
		0D401B9B1EF108830076CE5D /* discover */ = {
			isa = PBXGroup;
			children = (
				0D401B9C1EF108830076CE5D /* Control */,
				0D401B9D1EF108830076CE5D /* Model */,
				0D401B9E1EF108830076CE5D /* Request */,
				0D401B9F1EF108830076CE5D /* View */,
			);
			path = discover;
			sourceTree = "<group>";
		};
		0D401B9C1EF108830076CE5D /* Control */ = {
			isa = PBXGroup;
			children = (
				0D401BA61EF109780076CE5D /* KLFMDiscoverVC.h */,
				0D401BA71EF109780076CE5D /* KLFMDiscoverVC.m */,
			);
			path = Control;
			sourceTree = "<group>";
		};
		0D401B9D1EF108830076CE5D /* Model */ = {
			isa = PBXGroup;
			children = (
				0D57C7C21EF3C3320064603E /* DiscoverBaseClass.h */,
				0D57C7C31EF3C3320064603E /* DiscoverBaseClass.m */,
				0D57C7C41EF3C3320064603E /* DiscoverDataList.h */,
				0D57C7C51EF3C3320064603E /* DiscoverDataList.m */,
				0D57C7C61EF3C3320064603E /* DiscoverDataModels.h */,
				0D57C7C71EF3C3320064603E /* DiscoverResult.h */,
				0D57C7C81EF3C3320064603E /* DiscoverResult.m */,
				0D57C7CC1EF3C4070064603E /* DiscoverModel.h */,
				0D57C7CD1EF3C4070064603E /* DiscoverModel.m */,
			);
			path = Model;
			sourceTree = "<group>";
		};
		0D401B9E1EF108830076CE5D /* Request */ = {
			isa = PBXGroup;
			children = (
				0D57C7BF1EF3C1310064603E /* KLFMDiscoverReq.h */,
				0D57C7C01EF3C1310064603E /* KLFMDiscoverReq.m */,
			);
			path = Request;
			sourceTree = "<group>";
		};
		0D401B9F1EF108830076CE5D /* View */ = {
			isa = PBXGroup;
			children = (
				0D57C7CF1EF3C5550064603E /* DiscoverCell.h */,
				0D57C7D01EF3C5550064603E /* DiscoverCell.m */,
				0D57C7D21EF3C71E0064603E /* DiscoverCellFrame.h */,
				0D57C7D31EF3C71E0064603E /* DiscoverCellFrame.m */,
			);
			path = View;
			sourceTree = "<group>";
		};
		0D401BAC1EF10EEA0076CE5D /* category */ = {
			isa = PBXGroup;
			children = (
				0D401BAD1EF10EEA0076CE5D /* Control */,
				0D401BB01EF10EEA0076CE5D /* Model */,
				0D401BB11EF10EEA0076CE5D /* Request */,
				0D401BB21EF10EEA0076CE5D /* View */,
			);
			path = category;
			sourceTree = "<group>";
		};
		0D401BAD1EF10EEA0076CE5D /* Control */ = {
			isa = PBXGroup;
			children = (
				0D401BAE1EF10EEA0076CE5D /* KLFMCategoryVC.h */,
				0D401BAF1EF10EEA0076CE5D /* KLFMCategoryVC.m */,
			);
			path = Control;
			sourceTree = "<group>";
		};
		0D401BB01EF10EEA0076CE5D /* Model */ = {
			isa = PBXGroup;
			children = (
				0DDFE8B91EF37CD500BDE04B /* BroadDataModel */,
				0D401BB71EF112FF0076CE5D /* DataModel */,
				0D401BC21EF113CD0076CE5D /* CategoryModel.h */,
				0D401BC31EF113CD0076CE5D /* CategoryModel.m */,
			);
			path = Model;
			sourceTree = "<group>";
		};
		0D401BB11EF10EEA0076CE5D /* Request */ = {
			isa = PBXGroup;
			children = (
				0D401BB41EF10F9A0076CE5D /* KLFMCategoryReq.h */,
				0D401BB51EF10F9A0076CE5D /* KLFMCategoryReq.m */,
			);
			path = Request;
			sourceTree = "<group>";
		};
		0D401BB21EF10EEA0076CE5D /* View */ = {
			isa = PBXGroup;
			children = (
				0D401BC51EF121050076CE5D /* CategoryCell.h */,
				0D401BC61EF121050076CE5D /* CategoryCell.m */,
				0D401BC81EF1244E0076CE5D /* CategoryCellFrame.h */,
				0D401BC91EF1244E0076CE5D /* CategoryCellFrame.m */,
				0DDFE8B01EF36EB400BDE04B /* CategoryOtherCell.h */,
				0DDFE8B11EF36EB400BDE04B /* CategoryOtherCell.m */,
				0DDFE8B31EF37B8700BDE04B /* CategoryBroadCell.h */,
				0DDFE8B41EF37B8700BDE04B /* CategoryBroadCell.m */,
			);
			path = View;
			sourceTree = "<group>";
		};
		0D401BB71EF112FF0076CE5D /* DataModel */ = {
			isa = PBXGroup;
			children = (
				0D401BB81EF112FF0076CE5D /* CategoryBaseClass.h */,
				0D401BB91EF112FF0076CE5D /* CategoryBaseClass.m */,
				0D401BBA1EF112FF0076CE5D /* CategoryDataList.h */,
				0D401BBB1EF112FF0076CE5D /* CategoryDataList.m */,
				0D401BBC1EF112FF0076CE5D /* CategoryDataModels.h */,
				0D401BBD1EF112FF0076CE5D /* CategoryResult.h */,
				0D401BBE1EF112FF0076CE5D /* CategoryResult.m */,
			);
			path = DataModel;
			sourceTree = "<group>";
		};
		0DB24B031ECC2D0A00ABF4CA = {
			isa = PBXGroup;
			children = (
				0DB24B0E1ECC2D0A00ABF4CA /* KaoLaFM */,
				0DB24B281ECC2D0B00ABF4CA /* KaoLaFMTests */,
				0DB24B331ECC2D0B00ABF4CA /* KaoLaFMUITests */,
				0DB24B0D1ECC2D0A00ABF4CA /* Products */,
				7555203D37C84CAC75E31AD1 /* Pods */,
				1251B4A32C5266E020B52319 /* Frameworks */,
			);
			sourceTree = "<group>";
		};
		0DB24B0D1ECC2D0A00ABF4CA /* Products */ = {
			isa = PBXGroup;
			children = (
				0DB24B0C1ECC2D0A00ABF4CA /* KaoLaFM.app */,
				0DB24B251ECC2D0B00ABF4CA /* KaoLaFMTests.xctest */,
				0DB24B301ECC2D0B00ABF4CA /* KaoLaFMUITests.xctest */,
			);
			name = Products;
			sourceTree = "<group>";
		};
		0DB24B0E1ECC2D0A00ABF4CA /* KaoLaFM */ = {
			isa = PBXGroup;
			children = (
				64F927131ED0775900C2F424 /* StartLunchMovie */,
				0D352D231ECD3E5400447E1B /* Tools */,
				0D352D111ECD343200447E1B /* AppDelegate */,
				0DB24B421ECC315800ABF4CA /* Class */,
				0DB24B1B1ECC2D0A00ABF4CA /* Assets.xcassets */,
				0DB24B201ECC2D0A00ABF4CA /* Info.plist */,
				0DB24B0F1ECC2D0A00ABF4CA /* Supporting Files */,
			);
			path = KaoLaFM;
			sourceTree = "<group>";
		};
		0DB24B0F1ECC2D0A00ABF4CA /* Supporting Files */ = {
			isa = PBXGroup;
			children = (
				0DB24B101ECC2D0A00ABF4CA /* main.m */,
			);
			name = "Supporting Files";
			sourceTree = "<group>";
		};
		0DB24B281ECC2D0B00ABF4CA /* KaoLaFMTests */ = {
			isa = PBXGroup;
			children = (
				0DB24B291ECC2D0B00ABF4CA /* KaoLaFMTests.m */,
				0DB24B2B1ECC2D0B00ABF4CA /* Info.plist */,
			);
			path = KaoLaFMTests;
			sourceTree = "<group>";
		};
		0DB24B331ECC2D0B00ABF4CA /* KaoLaFMUITests */ = {
			isa = PBXGroup;
			children = (
				0DB24B341ECC2D0B00ABF4CA /* KaoLaFMUITests.m */,
				0DB24B361ECC2D0B00ABF4CA /* Info.plist */,
			);
			path = KaoLaFMUITests;
			sourceTree = "<group>";
		};
		0DB24B421ECC315800ABF4CA /* Class */ = {
			isa = PBXGroup;
			children = (
				6412F5BA1EF54AD000198C55 /* player */,
				0D352D6D1ECD799100447E1B /* KLFMTabbar */,
				0D401B8C1EF108630076CE5D /* Subscribe */,
				0DB24B621ECC336D00ABF4CA /* Selection */,
				0D401BAC1EF10EEA0076CE5D /* category */,
				0D401B9B1EF108830076CE5D /* discover */,
				0D401B911EF108830076CE5D /* anchor */,
				0DB24B431ECC315800ABF4CA /* Base */,
			);
			path = Class;
			sourceTree = "<group>";
		};
		0DB24B431ECC315800ABF4CA /* Base */ = {
			isa = PBXGroup;
			children = (
				0DB24B441ECC315800ABF4CA /* Control */,
				0DB24B4B1ECC315800ABF4CA /* Request */,
				0DB24B4E1ECC315800ABF4CA /* View */,
			);
			path = Base;
			sourceTree = "<group>";
		};
		0DB24B441ECC315800ABF4CA /* Control */ = {
			isa = PBXGroup;
			children = (
				64CEE6341EEC0E1A005039FB /* BaseNavigationViewController.h */,
				64CEE6351EEC0E1A005039FB /* BaseNavigationViewController.m */,
				0DB24B471ECC315800ABF4CA /* BaseTableViewController.h */,
				0DB24B481ECC315800ABF4CA /* BaseTableViewController.m */,
				0DB24B491ECC315800ABF4CA /* BaseViewController.h */,
				0DB24B4A1ECC315800ABF4CA /* BaseViewController.m */,
			);
			path = Control;
			sourceTree = "<group>";
		};
		0DB24B4B1ECC315800ABF4CA /* Request */ = {
			isa = PBXGroup;
			children = (
				0DB24B4C1ECC315800ABF4CA /* BaseRequest.h */,
				0DB24B4D1ECC315800ABF4CA /* BaseRequest.m */,
			);
			path = Request;
			sourceTree = "<group>";
		};
		0DB24B4E1ECC315800ABF4CA /* View */ = {
			isa = PBXGroup;
			children = (
				0DB24B4F1ECC315800ABF4CA /* BaseTableHeaderFooterView.h */,
				0DB24B501ECC315800ABF4CA /* BaseTableHeaderFooterView.m */,
				0DB24B511ECC315800ABF4CA /* BaseTableView.h */,
				0DB24B521ECC315800ABF4CA /* BaseTableView.m */,
				0DB24B531ECC315800ABF4CA /* BaseTableViewCell.h */,
				0DB24B541ECC315800ABF4CA /* BaseTableViewCell.m */,
				0D5E537D1ED52707009FB1D9 /* KLFMNavBar.h */,
				0D5E537E1ED52707009FB1D9 /* KLFMNavBar.m */,
			);
			path = View;
			sourceTree = "<group>";
		};
		0DB24B621ECC336D00ABF4CA /* Selection */ = {
			isa = PBXGroup;
			children = (
				0D352D1A1ECD347500447E1B /* Control */,
				64C370D51ED31CD500EC366D /* View */,
				0D352D1D1ECD347500447E1B /* Model */,
				0D352D1E1ECD347500447E1B /* Request */,
			);
			path = Selection;
			sourceTree = "<group>";
		};
		0DDFE8B91EF37CD500BDE04B /* BroadDataModel */ = {
			isa = PBXGroup;
			children = (
				0DDFE8BA1EF37CD500BDE04B /* BroadBaseClass.h */,
				0DDFE8BB1EF37CD500BDE04B /* BroadBaseClass.m */,
				0DDFE8BC1EF37CD500BDE04B /* BroadDataList.h */,
				0DDFE8BD1EF37CD500BDE04B /* BroadDataList.m */,
				0DDFE8BE1EF37CD500BDE04B /* BroadDataModels.h */,
				0DDFE8BF1EF37CD500BDE04B /* BroadResult.h */,
				0DDFE8C01EF37CD500BDE04B /* BroadResult.m */,
			);
			path = BroadDataModel;
			sourceTree = "<group>";
		};
		1251B4A32C5266E020B52319 /* Frameworks */ = {
			isa = PBXGroup;
			children = (
				E0B1FDF5DB2AEF51F75978F6 /* libPods-KaoLaFM.a */,
			);
			name = Frameworks;
			sourceTree = "<group>";
		};
		6412F5BA1EF54AD000198C55 /* player */ = {
			isa = PBXGroup;
			children = (
				6412F5BE1EF54AF000198C55 /* YXGAVPlayer.h */,
				6412F5BF1EF54AF000198C55 /* YXGAVPlayer.m */,
				6412F5BB1EF54AD000198C55 /* YXGAVPlayerView.h */,
				6412F5BC1EF54AD000198C55 /* YXGAVPlayerView.m */,
			);
			path = player;
			sourceTree = "<group>";
		};
		64C370D51ED31CD500EC366D /* View */ = {
			isa = PBXGroup;
			children = (
				64853D971ED477A800D05788 /* HomeTJMenuView.h */,
				64853D981ED477A800D05788 /* HomeTJMenuView.m */,
				64C370D61ED31D0A00EC366D /* SelectionCell.h */,
				64C370D71ED31D0A00EC366D /* SelectionCell.m */,
				64C370D91ED3271300EC366D /* SelectionCellFrame.h */,
				64C370DA1ED3271300EC366D /* SelectionCellFrame.m */,
			);
			path = View;
			sourceTree = "<group>";
		};
		64F927131ED0775900C2F424 /* StartLunchMovie */ = {
			isa = PBXGroup;
			children = (
				640FB2491ED12E3C008036F7 /* 02.3gp */,
				640FB24D1ED13240008036F7 /* 05.3gp */,
				64F927141ED0775900C2F424 /* KLFMLauchMovieVC.h */,
				64F927151ED0775900C2F424 /* KLFMLauchMovieVC.m */,
			);
			path = StartLunchMovie;
			sourceTree = "<group>";
		};
		7555203D37C84CAC75E31AD1 /* Pods */ = {
			isa = PBXGroup;
			children = (
				CB4B633E6392EED9648BAD4C /* Pods-KaoLaFM.debug.xcconfig */,
				1644424F9F813B9E3FD963A3 /* Pods-KaoLaFM.release.xcconfig */,
			);
			name = Pods;
			sourceTree = "<group>";
		};
/* End PBXGroup section */

/* Begin PBXNativeTarget section */
		0DB24B0B1ECC2D0A00ABF4CA /* KaoLaFM */ = {
			isa = PBXNativeTarget;
			buildConfigurationList = 0DB24B391ECC2D0B00ABF4CA /* Build configuration list for PBXNativeTarget "KaoLaFM" */;
			buildPhases = (
				24288A925CF9458F1C68FD08 /* [CP] Check Pods Manifest.lock */,
				0DB24B081ECC2D0A00ABF4CA /* Sources */,
				0DB24B091ECC2D0A00ABF4CA /* Frameworks */,
				0DB24B0A1ECC2D0A00ABF4CA /* Resources */,
				0CC3A5B5E8ED4B9F1F262C81 /* [CP] Embed Pods Frameworks */,
				5C4E6793328CA6B19E317431 /* [CP] Copy Pods Resources */,
			);
			buildRules = (
			);
			dependencies = (
			);
			name = KaoLaFM;
			productName = KaoLaFM;
			productReference = 0DB24B0C1ECC2D0A00ABF4CA /* KaoLaFM.app */;
			productType = "com.apple.product-type.application";
		};
		0DB24B241ECC2D0B00ABF4CA /* KaoLaFMTests */ = {
			isa = PBXNativeTarget;
			buildConfigurationList = 0DB24B3C1ECC2D0B00ABF4CA /* Build configuration list for PBXNativeTarget "KaoLaFMTests" */;
			buildPhases = (
				0DB24B211ECC2D0B00ABF4CA /* Sources */,
				0DB24B221ECC2D0B00ABF4CA /* Frameworks */,
				0DB24B231ECC2D0B00ABF4CA /* Resources */,
			);
			buildRules = (
			);
			dependencies = (
				0DB24B271ECC2D0B00ABF4CA /* PBXTargetDependency */,
			);
			name = KaoLaFMTests;
			productName = KaoLaFMTests;
			productReference = 0DB24B251ECC2D0B00ABF4CA /* KaoLaFMTests.xctest */;
			productType = "com.apple.product-type.bundle.unit-test";
		};
		0DB24B2F1ECC2D0B00ABF4CA /* KaoLaFMUITests */ = {
			isa = PBXNativeTarget;
			buildConfigurationList = 0DB24B3F1ECC2D0B00ABF4CA /* Build configuration list for PBXNativeTarget "KaoLaFMUITests" */;
			buildPhases = (
				0DB24B2C1ECC2D0B00ABF4CA /* Sources */,
				0DB24B2D1ECC2D0B00ABF4CA /* Frameworks */,
				0DB24B2E1ECC2D0B00ABF4CA /* Resources */,
			);
			buildRules = (
			);
			dependencies = (
				0DB24B321ECC2D0B00ABF4CA /* PBXTargetDependency */,
			);
			name = KaoLaFMUITests;
			productName = KaoLaFMUITests;
			productReference = 0DB24B301ECC2D0B00ABF4CA /* KaoLaFMUITests.xctest */;
			productType = "com.apple.product-type.bundle.ui-testing";
		};
/* End PBXNativeTarget section */

/* Begin PBXProject section */
		0DB24B041ECC2D0A00ABF4CA /* Project object */ = {
			isa = PBXProject;
			attributes = {
				LastUpgradeCheck = 0730;
				ORGANIZATIONNAME = YXGang;
				TargetAttributes = {
					0DB24B0B1ECC2D0A00ABF4CA = {
						CreatedOnToolsVersion = 7.3;
						DevelopmentTeam = ZD8NCKVX95;
						ProvisioningStyle = Automatic;
					};
					0DB24B241ECC2D0B00ABF4CA = {
						CreatedOnToolsVersion = 7.3;
						DevelopmentTeam = ZD8NCKVX95;
						TestTargetID = 0DB24B0B1ECC2D0A00ABF4CA;
					};
					0DB24B2F1ECC2D0B00ABF4CA = {
						CreatedOnToolsVersion = 7.3;
						DevelopmentTeam = ZD8NCKVX95;
						TestTargetID = 0DB24B0B1ECC2D0A00ABF4CA;
					};
				};
			};
			buildConfigurationList = 0DB24B071ECC2D0A00ABF4CA /* Build configuration list for PBXProject "KaoLaFM" */;
			compatibilityVersion = "Xcode 3.2";
			developmentRegion = English;
			hasScannedForEncodings = 0;
			knownRegions = (
				en,
				Base,
			);
			mainGroup = 0DB24B031ECC2D0A00ABF4CA;
			productRefGroup = 0DB24B0D1ECC2D0A00ABF4CA /* Products */;
			projectDirPath = "";
			projectRoot = "";
			targets = (
				0DB24B0B1ECC2D0A00ABF4CA /* KaoLaFM */,
				0DB24B241ECC2D0B00ABF4CA /* KaoLaFMTests */,
				0DB24B2F1ECC2D0B00ABF4CA /* KaoLaFMUITests */,
			);
		};
/* End PBXProject section */

/* Begin PBXResourcesBuildPhase section */
		0DB24B0A1ECC2D0A00ABF4CA /* Resources */ = {
			isa = PBXResourcesBuildPhase;
			buildActionMask = 2147483647;
			files = (
				0D352D181ECD343200447E1B /* InfoPlist.strings in Resources */,
				640FB24B1ED12E3C008036F7 /* 02.3gp in Resources */,
				640FB24E1ED13240008036F7 /* 05.3gp in Resources */,
				0DB24B1C1ECC2D0A00ABF4CA /* Assets.xcassets in Resources */,
			);
			runOnlyForDeploymentPostprocessing = 0;
		};
		0DB24B231ECC2D0B00ABF4CA /* Resources */ = {
			isa = PBXResourcesBuildPhase;
			buildActionMask = 2147483647;
			files = (
			);
			runOnlyForDeploymentPostprocessing = 0;
		};
		0DB24B2E1ECC2D0B00ABF4CA /* Resources */ = {
			isa = PBXResourcesBuildPhase;
			buildActionMask = 2147483647;
			files = (
			);
			runOnlyForDeploymentPostprocessing = 0;
		};
/* End PBXResourcesBuildPhase section */

/* Begin PBXShellScriptBuildPhase section */
		0CC3A5B5E8ED4B9F1F262C81 /* [CP] Embed Pods Frameworks */ = {
			isa = PBXShellScriptBuildPhase;
			buildActionMask = 2147483647;
			files = (
			);
			inputPaths = (
			);
			name = "[CP] Embed Pods Frameworks";
			outputPaths = (
			);
			runOnlyForDeploymentPostprocessing = 0;
			shellPath = /bin/sh;
			shellScript = "\"${SRCROOT}/Pods/Target Support Files/Pods-KaoLaFM/Pods-KaoLaFM-frameworks.sh\"\n";
			showEnvVarsInLog = 0;
		};
		24288A925CF9458F1C68FD08 /* [CP] Check Pods Manifest.lock */ = {
			isa = PBXShellScriptBuildPhase;
			buildActionMask = 2147483647;
			files = (
			);
			inputPaths = (
			);
			name = "[CP] Check Pods Manifest.lock";
			outputPaths = (
			);
			runOnlyForDeploymentPostprocessing = 0;
			shellPath = /bin/sh;
			shellScript = "diff \"${PODS_ROOT}/../Podfile.lock\" \"${PODS_ROOT}/Manifest.lock\" > /dev/null\nif [ $? != 0 ] ; then\n    # print error to STDERR\n    echo \"error: The sandbox is not in sync with the Podfile.lock. Run 'pod install' or update your CocoaPods installation.\" >&2\n    exit 1\nfi\n";
			showEnvVarsInLog = 0;
		};
		5C4E6793328CA6B19E317431 /* [CP] Copy Pods Resources */ = {
			isa = PBXShellScriptBuildPhase;
			buildActionMask = 2147483647;
			files = (
			);
			inputPaths = (
			);
			name = "[CP] Copy Pods Resources";
			outputPaths = (
			);
			runOnlyForDeploymentPostprocessing = 0;
			shellPath = /bin/sh;
			shellScript = "\"${SRCROOT}/Pods/Target Support Files/Pods-KaoLaFM/Pods-KaoLaFM-resources.sh\"\n";
			showEnvVarsInLog = 0;
		};
/* End PBXShellScriptBuildPhase section */

/* Begin PBXSourcesBuildPhase section */
		0DB24B081ECC2D0A00ABF4CA /* Sources */ = {
			isa = PBXSourcesBuildPhase;
			buildActionMask = 2147483647;
			files = (
				0D352D221ECD378500447E1B /* KLFMSelectionReq.m in Sources */,
				0D352D511ECD493D00447E1B /* SelectionBaseClass.m in Sources */,
				64E99F651EECFC0200CBC205 /* MainTabBarController.m in Sources */,
				0D352D371ECD3E5400447E1B /* CycleBannerCell.m in Sources */,
				0DDFE8C11EF37CD500BDE04B /* BroadBaseClass.m in Sources */,
				0D57C7CB1EF3C3320064603E /* DiscoverResult.m in Sources */,
				0DB24B601ECC315800ABF4CA /* BaseTableViewCell.m in Sources */,
				0D57C7CE1EF3C4070064603E /* DiscoverModel.m in Sources */,
				0DDFE8B51EF37B8700BDE04B /* CategoryBroadCell.m in Sources */,
				0D352D7A1ECD79BD00447E1B /* KLFMTabbarReq.m in Sources */,
				64C370DB1ED3271300EC366D /* SelectionCellFrame.m in Sources */,
				0D401BC71EF121050076CE5D /* CategoryCell.m in Sources */,
				0DB24B5F1ECC315800ABF4CA /* BaseTableView.m in Sources */,
				0D401BCA1EF1244E0076CE5D /* CategoryCellFrame.m in Sources */,
				0D352D531ECD493D00447E1B /* SelectionResult.m in Sources */,
				0D401BBF1EF112FF0076CE5D /* CategoryBaseClass.m in Sources */,
				6412F5BD1EF54AD000198C55 /* YXGAVPlayerView.m in Sources */,
				0D57C7D11EF3C5550064603E /* DiscoverCell.m in Sources */,
				0D352D841ECD7BA400447E1B /* TabbarResult.m in Sources */,
				0D352D1F1ECD347500447E1B /* KLFMSelectionVC.m in Sources */,
				0D57C7D41EF3C71E0064603E /* DiscoverCellFrame.m in Sources */,
				0D352D761ECD799100447E1B /* KLFMNavigateVC.m in Sources */,
				0D352D771ECD799100447E1B /* KLFMNavigateView.m in Sources */,
				0D57C7CA1EF3C3320064603E /* DiscoverDataList.m in Sources */,
				0D401BA81EF109780076CE5D /* KLFMDiscoverVC.m in Sources */,
				0DB24B5C1ECC315800ABF4CA /* BaseViewController.m in Sources */,
				0D401BC11EF112FF0076CE5D /* CategoryResult.m in Sources */,
				0D401BC01EF112FF0076CE5D /* CategoryDataList.m in Sources */,
				0D401BB61EF10F9A0076CE5D /* KLFMCategoryReq.m in Sources */,
				0DDFE8C21EF37CD500BDE04B /* BroadDataList.m in Sources */,
				6412F5C01EF54AF000198C55 /* YXGAVPlayer.m in Sources */,
				0D5E537F1ED52707009FB1D9 /* KLFMNavBar.m in Sources */,
				0D352D3B1ECD3E5400447E1B /* SingletonManager.m in Sources */,
				0D352D351ECD3E5400447E1B /* NSString+Extension.m in Sources */,
				0DDFE8B21EF36EB400BDE04B /* CategoryOtherCell.m in Sources */,
				0DB24B111ECC2D0A00ABF4CA /* main.m in Sources */,
				0D352D521ECD493D00447E1B /* SelectionDataList.m in Sources */,
				0D401BB31EF10EEA0076CE5D /* KLFMCategoryVC.m in Sources */,
				0D352D831ECD7BA400447E1B /* TabbarDataList.m in Sources */,
				64CEE63C1EEC2099005039FB /* KLFMOtherVC.m in Sources */,
				0DDFE8C31EF37CD500BDE04B /* BroadResult.m in Sources */,
				0D401BAB1EF1099D0076CE5D /* KLFMAnchorVC.m in Sources */,
				64CEE6361EEC0E1A005039FB /* BaseNavigationViewController.m in Sources */,
				0D352D191ECD343200447E1B /* KLFMAppDelegate.m in Sources */,
				0D57C7C11EF3C1310064603E /* KLFMDiscoverReq.m in Sources */,
				0D57C7C91EF3C3320064603E /* DiscoverBaseClass.m in Sources */,
				0D352D3A1ECD3E5400447E1B /* HelperTools.m in Sources */,
				0D352D361ECD3E5400447E1B /* UIView+Addition.m in Sources */,
				0D352D821ECD7BA400447E1B /* TabbarBaseClass.m in Sources */,
				0D401BA21EF1091D0076CE5D /* KLFMSubscribeVC.m in Sources */,
				0D352D391ECD3E5400447E1B /* Factory.m in Sources */,
				0DB24B5E1ECC315800ABF4CA /* BaseTableHeaderFooterView.m in Sources */,
				0DB24B5D1ECC315800ABF4CA /* BaseRequest.m in Sources */,
				0D401B881EF0BF860076CE5D /* ColorHelper.m in Sources */,
				64C370D81ED31D0A00EC366D /* SelectionCell.m in Sources */,
				64CEE6331EEBFA62005039FB /* KLFMViewVC.m in Sources */,
				0D6095DA1EF799010028666F /* AppNotification.m in Sources */,
				0D401BC41EF113CD0076CE5D /* CategoryModel.m in Sources */,
				0D352D561ECD4C6600447E1B /* SelectionModel.m in Sources */,
				64F927181ED0775900C2F424 /* KLFMLauchMovieVC.m in Sources */,
				0DB24B5B1ECC315800ABF4CA /* BaseTableViewController.m in Sources */,
				0D352D381ECD3E5400447E1B /* CycleBannerView.m in Sources */,
				64853D991ED477A800D05788 /* HomeTJMenuView.m in Sources */,
			);
			runOnlyForDeploymentPostprocessing = 0;
		};
		0DB24B211ECC2D0B00ABF4CA /* Sources */ = {
			isa = PBXSourcesBuildPhase;
			buildActionMask = 2147483647;
			files = (
				0DB24B2A1ECC2D0B00ABF4CA /* KaoLaFMTests.m in Sources */,
			);
			runOnlyForDeploymentPostprocessing = 0;
		};
		0DB24B2C1ECC2D0B00ABF4CA /* Sources */ = {
			isa = PBXSourcesBuildPhase;
			buildActionMask = 2147483647;
			files = (
				0DB24B351ECC2D0B00ABF4CA /* KaoLaFMUITests.m in Sources */,
			);
			runOnlyForDeploymentPostprocessing = 0;
		};
/* End PBXSourcesBuildPhase section */

/* Begin PBXTargetDependency section */
		0DB24B271ECC2D0B00ABF4CA /* PBXTargetDependency */ = {
			isa = PBXTargetDependency;
			target = 0DB24B0B1ECC2D0A00ABF4CA /* KaoLaFM */;
			targetProxy = 0DB24B261ECC2D0B00ABF4CA /* PBXContainerItemProxy */;
		};
		0DB24B321ECC2D0B00ABF4CA /* PBXTargetDependency */ = {
			isa = PBXTargetDependency;
			target = 0DB24B0B1ECC2D0A00ABF4CA /* KaoLaFM */;
			targetProxy = 0DB24B311ECC2D0B00ABF4CA /* PBXContainerItemProxy */;
		};
/* End PBXTargetDependency section */

/* Begin XCBuildConfiguration section */
		0DB24B371ECC2D0B00ABF4CA /* Debug */ = {
			isa = XCBuildConfiguration;
			buildSettings = {
				ALWAYS_SEARCH_USER_PATHS = NO;
				CLANG_ANALYZER_NONNULL = YES;
				CLANG_CXX_LANGUAGE_STANDARD = "gnu++0x";
				CLANG_CXX_LIBRARY = "libc++";
				CLANG_ENABLE_MODULES = YES;
				CLANG_ENABLE_OBJC_ARC = YES;
				CLANG_WARN_BOOL_CONVERSION = YES;
				CLANG_WARN_CONSTANT_CONVERSION = YES;
				CLANG_WARN_DIRECT_OBJC_ISA_USAGE = YES_ERROR;
				CLANG_WARN_EMPTY_BODY = YES;
				CLANG_WARN_ENUM_CONVERSION = YES;
				CLANG_WARN_INT_CONVERSION = YES;
				CLANG_WARN_OBJC_ROOT_CLASS = YES_ERROR;
				CLANG_WARN_UNREACHABLE_CODE = YES;
				CLANG_WARN__DUPLICATE_METHOD_MATCH = YES;
				"CODE_SIGN_IDENTITY[sdk=iphoneos*]" = "iPhone Developer";
				COPY_PHASE_STRIP = NO;
				DEBUG_INFORMATION_FORMAT = dwarf;
				ENABLE_STRICT_OBJC_MSGSEND = YES;
				ENABLE_TESTABILITY = YES;
				GCC_C_LANGUAGE_STANDARD = gnu99;
				GCC_DYNAMIC_NO_PIC = NO;
				GCC_NO_COMMON_BLOCKS = YES;
				GCC_OPTIMIZATION_LEVEL = 0;
				GCC_PREPROCESSOR_DEFINITIONS = (
					"DEBUG=1",
					"$(inherited)",
				);
				GCC_WARN_64_TO_32_BIT_CONVERSION = YES;
				GCC_WARN_ABOUT_RETURN_TYPE = YES_ERROR;
				GCC_WARN_UNDECLARED_SELECTOR = YES;
				GCC_WARN_UNINITIALIZED_AUTOS = YES_AGGRESSIVE;
				GCC_WARN_UNUSED_FUNCTION = YES;
				GCC_WARN_UNUSED_VARIABLE = YES;
				IPHONEOS_DEPLOYMENT_TARGET = 9.3;
				MTL_ENABLE_DEBUG_INFO = YES;
				ONLY_ACTIVE_ARCH = YES;
				SDKROOT = iphoneos;
				TARGETED_DEVICE_FAMILY = "1,2";
			};
			name = Debug;
		};
		0DB24B381ECC2D0B00ABF4CA /* Release */ = {
			isa = XCBuildConfiguration;
			buildSettings = {
				ALWAYS_SEARCH_USER_PATHS = NO;
				CLANG_ANALYZER_NONNULL = YES;
				CLANG_CXX_LANGUAGE_STANDARD = "gnu++0x";
				CLANG_CXX_LIBRARY = "libc++";
				CLANG_ENABLE_MODULES = YES;
				CLANG_ENABLE_OBJC_ARC = YES;
				CLANG_WARN_BOOL_CONVERSION = YES;
				CLANG_WARN_CONSTANT_CONVERSION = YES;
				CLANG_WARN_DIRECT_OBJC_ISA_USAGE = YES_ERROR;
				CLANG_WARN_EMPTY_BODY = YES;
				CLANG_WARN_ENUM_CONVERSION = YES;
				CLANG_WARN_INT_CONVERSION = YES;
				CLANG_WARN_OBJC_ROOT_CLASS = YES_ERROR;
				CLANG_WARN_UNREACHABLE_CODE = YES;
				CLANG_WARN__DUPLICATE_METHOD_MATCH = YES;
				"CODE_SIGN_IDENTITY[sdk=iphoneos*]" = "iPhone Developer";
				COPY_PHASE_STRIP = NO;
				DEBUG_INFORMATION_FORMAT = "dwarf-with-dsym";
				ENABLE_NS_ASSERTIONS = NO;
				ENABLE_STRICT_OBJC_MSGSEND = YES;
				GCC_C_LANGUAGE_STANDARD = gnu99;
				GCC_NO_COMMON_BLOCKS = YES;
				GCC_WARN_64_TO_32_BIT_CONVERSION = YES;
				GCC_WARN_ABOUT_RETURN_TYPE = YES_ERROR;
				GCC_WARN_UNDECLARED_SELECTOR = YES;
				GCC_WARN_UNINITIALIZED_AUTOS = YES_AGGRESSIVE;
				GCC_WARN_UNUSED_FUNCTION = YES;
				GCC_WARN_UNUSED_VARIABLE = YES;
				IPHONEOS_DEPLOYMENT_TARGET = 9.3;
				MTL_ENABLE_DEBUG_INFO = NO;
				SDKROOT = iphoneos;
				TARGETED_DEVICE_FAMILY = "1,2";
				VALIDATE_PRODUCT = YES;
			};
			name = Release;
		};
		0DB24B3A1ECC2D0B00ABF4CA /* Debug */ = {
			isa = XCBuildConfiguration;
			baseConfigurationReference = CB4B633E6392EED9648BAD4C /* Pods-KaoLaFM.debug.xcconfig */;
			buildSettings = {
				ASSETCATALOG_COMPILER_APPICON_NAME = AppIcon;
				ASSETCATALOG_COMPILER_LAUNCHIMAGE_NAME = LaunchImage;
				CODE_SIGN_IDENTITY = "iPhone Developer";
				"CODE_SIGN_IDENTITY[sdk=iphoneos*]" = "iPhone Developer";
				DEVELOPMENT_TEAM = ZD8NCKVX95;
				GCC_PREFIX_HEADER = "$(SRCROOT)/KaoLaFM/AppDelegate/PrefixHeader.pch";
				INFOPLIST_FILE = KaoLaFM/Info.plist;
				IPHONEOS_DEPLOYMENT_TARGET = 9.3;
				LD_RUNPATH_SEARCH_PATHS = "$(inherited) @executable_path/Frameworks";
				PRODUCT_BUNDLE_IDENTIFIER = sunny.KaolaFM;
				PRODUCT_NAME = "$(TARGET_NAME)";
				PROVISIONING_PROFILE = "";
				PROVISIONING_PROFILE_SPECIFIER = "";
				TARGETED_DEVICE_FAMILY = 1;
			};
			name = Debug;
		};
		0DB24B3B1ECC2D0B00ABF4CA /* Release */ = {
			isa = XCBuildConfiguration;
			baseConfigurationReference = 1644424F9F813B9E3FD963A3 /* Pods-KaoLaFM.release.xcconfig */;
			buildSettings = {
				ASSETCATALOG_COMPILER_APPICON_NAME = AppIcon;
				ASSETCATALOG_COMPILER_LAUNCHIMAGE_NAME = LaunchImage;
				CODE_SIGN_IDENTITY = "iPhone Developer";
				"CODE_SIGN_IDENTITY[sdk=iphoneos*]" = "iPhone Developer";
				DEVELOPMENT_TEAM = ZD8NCKVX95;
				GCC_PREFIX_HEADER = "$(SRCROOT)/KaoLaFM/AppDelegate/PrefixHeader.pch";
				INFOPLIST_FILE = KaoLaFM/Info.plist;
				IPHONEOS_DEPLOYMENT_TARGET = 9.3;
				LD_RUNPATH_SEARCH_PATHS = "$(inherited) @executable_path/Frameworks";
				PRODUCT_BUNDLE_IDENTIFIER = sunny.KaolaFM;
				PRODUCT_NAME = "$(TARGET_NAME)";
				PROVISIONING_PROFILE = "";
				PROVISIONING_PROFILE_SPECIFIER = "";
				TARGETED_DEVICE_FAMILY = 1;
			};
			name = Release;
		};
		0DB24B3D1ECC2D0B00ABF4CA /* Debug */ = {
			isa = XCBuildConfiguration;
			buildSettings = {
				BUNDLE_LOADER = "$(TEST_HOST)";
				INFOPLIST_FILE = KaoLaFMTests/Info.plist;
				LD_RUNPATH_SEARCH_PATHS = "$(inherited) @executable_path/Frameworks @loader_path/Frameworks";
				PRODUCT_BUNDLE_IDENTIFIER = sunny.KaoLaFMTests;
				PRODUCT_NAME = "$(TARGET_NAME)";
				TEST_HOST = "$(BUILT_PRODUCTS_DIR)/KaoLaFM.app/KaoLaFM";
			};
			name = Debug;
		};
		0DB24B3E1ECC2D0B00ABF4CA /* Release */ = {
			isa = XCBuildConfiguration;
			buildSettings = {
				BUNDLE_LOADER = "$(TEST_HOST)";
				INFOPLIST_FILE = KaoLaFMTests/Info.plist;
				LD_RUNPATH_SEARCH_PATHS = "$(inherited) @executable_path/Frameworks @loader_path/Frameworks";
				PRODUCT_BUNDLE_IDENTIFIER = sunny.KaoLaFMTests;
				PRODUCT_NAME = "$(TARGET_NAME)";
				TEST_HOST = "$(BUILT_PRODUCTS_DIR)/KaoLaFM.app/KaoLaFM";
			};
			name = Release;
		};
		0DB24B401ECC2D0B00ABF4CA /* Debug */ = {
			isa = XCBuildConfiguration;
			buildSettings = {
				INFOPLIST_FILE = KaoLaFMUITests/Info.plist;
				LD_RUNPATH_SEARCH_PATHS = "$(inherited) @executable_path/Frameworks @loader_path/Frameworks";
				PRODUCT_BUNDLE_IDENTIFIER = sunny.KaoLaFMUITests;
				PRODUCT_NAME = "$(TARGET_NAME)";
				TEST_TARGET_NAME = KaoLaFM;
			};
			name = Debug;
		};
		0DB24B411ECC2D0B00ABF4CA /* Release */ = {
			isa = XCBuildConfiguration;
			buildSettings = {
				INFOPLIST_FILE = KaoLaFMUITests/Info.plist;
				LD_RUNPATH_SEARCH_PATHS = "$(inherited) @executable_path/Frameworks @loader_path/Frameworks";
				PRODUCT_BUNDLE_IDENTIFIER = sunny.KaoLaFMUITests;
				PRODUCT_NAME = "$(TARGET_NAME)";
				TEST_TARGET_NAME = KaoLaFM;
			};
			name = Release;
		};
/* End XCBuildConfiguration section */

/* Begin XCConfigurationList section */
		0DB24B071ECC2D0A00ABF4CA /* Build configuration list for PBXProject "KaoLaFM" */ = {
			isa = XCConfigurationList;
			buildConfigurations = (
				0DB24B371ECC2D0B00ABF4CA /* Debug */,
				0DB24B381ECC2D0B00ABF4CA /* Release */,
			);
			defaultConfigurationIsVisible = 0;
			defaultConfigurationName = Release;
		};
		0DB24B391ECC2D0B00ABF4CA /* Build configuration list for PBXNativeTarget "KaoLaFM" */ = {
			isa = XCConfigurationList;
			buildConfigurations = (
				0DB24B3A1ECC2D0B00ABF4CA /* Debug */,
				0DB24B3B1ECC2D0B00ABF4CA /* Release */,
			);
			defaultConfigurationIsVisible = 0;
			defaultConfigurationName = Release;
		};
		0DB24B3C1ECC2D0B00ABF4CA /* Build configuration list for PBXNativeTarget "KaoLaFMTests" */ = {
			isa = XCConfigurationList;
			buildConfigurations = (
				0DB24B3D1ECC2D0B00ABF4CA /* Debug */,
				0DB24B3E1ECC2D0B00ABF4CA /* Release */,
			);
			defaultConfigurationIsVisible = 0;
			defaultConfigurationName = Release;
		};
		0DB24B3F1ECC2D0B00ABF4CA /* Build configuration list for PBXNativeTarget "KaoLaFMUITests" */ = {
			isa = XCConfigurationList;
			buildConfigurations = (
				0DB24B401ECC2D0B00ABF4CA /* Debug */,
				0DB24B411ECC2D0B00ABF4CA /* Release */,
			);
			defaultConfigurationIsVisible = 0;
			defaultConfigurationName = Release;
		};
/* End XCConfigurationList section */
	};
	rootObject = 0DB24B041ECC2D0A00ABF4CA /* Project object */;
}
